// !$*UTF8*$!
{
	archiveVersion = 1;
	classes = {
	};
	objectVersion = 52;
	objects = {

/* Begin PBXBuildFile section */
		33178B94256A184700CB47F2 /* ViewerViewController.m in Sources */ = {isa = PBXBuildFile; fileRef = 33178B93256A184700CB47F2 /* ViewerViewController.m */; };
		331ACC0924F0B5080027857B /* AddNetTaskVC.xib in Resources */ = {isa = PBXBuildFile; fileRef = 331ACC0824F0B5080027857B /* AddNetTaskVC.xib */; };
		3323205924ECB4A300FE5E33 /* PicBaseModel.mm in Sources */ = {isa = PBXBuildFile; fileRef = 3323205824ECB4A300FE5E33 /* PicBaseModel.mm */; };
		3323206524ECE3D100FE5E33 /* PicRuleModel.m in Sources */ = {isa = PBXBuildFile; fileRef = 3323206124ECE3D000FE5E33 /* PicRuleModel.m */; };
		3323206624ECE3D100FE5E33 /* PicRuleStepModel.m in Sources */ = {isa = PBXBuildFile; fileRef = 3323206424ECE3D100FE5E33 /* PicRuleStepModel.m */; };
		332C285724EBA5720083A5DC /* AddNetTaskVC.m in Sources */ = {isa = PBXBuildFile; fileRef = 332C285624EBA5720083A5DC /* AddNetTaskVC.m */; };
		332CB1672760F9E6002B97BD /* PicBrowserToolViewHandler.m in Sources */ = {isa = PBXBuildFile; fileRef = 332CB1652760F9E5002B97BD /* PicBrowserToolViewHandler.m */; };
		332D014126FD845F00E3F387 /* TKGestureLockManager.m in Sources */ = {isa = PBXBuildFile; fileRef = 332D012A26FD845F00E3F387 /* TKGestureLockManager.m */; };
		332D014226FD845F00E3F387 /* TKGestureLockView.m in Sources */ = {isa = PBXBuildFile; fileRef = 332D012B26FD845F00E3F387 /* TKGestureLockView.m */; };
		332D014326FD845F00E3F387 /* gesture_headIcon@2x.png in Resources */ = {isa = PBXBuildFile; fileRef = 332D012D26FD845F00E3F387 /* gesture_headIcon@2x.png */; };
		332D014426FD845F00E3F387 /* gesture_normal@1.5x.png in Resources */ = {isa = PBXBuildFile; fileRef = 332D012E26FD845F00E3F387 /* gesture_normal@1.5x.png */; };
		332D014526FD845F00E3F387 /* gesture_indicator_normal@2x.png in Resources */ = {isa = PBXBuildFile; fileRef = 332D012F26FD845F00E3F387 /* gesture_indicator_normal@2x.png */; };
		332D014626FD845F00E3F387 /* gesture_selected@1.5x.png in Resources */ = {isa = PBXBuildFile; fileRef = 332D013026FD845F00E3F387 /* gesture_selected@1.5x.png */; };
		332D014726FD845F00E3F387 /* gesture_selected@3x.png in Resources */ = {isa = PBXBuildFile; fileRef = 332D013126FD845F00E3F387 /* gesture_selected@3x.png */; };
		332D014826FD845F00E3F387 /* gesture_normal@3x.png in Resources */ = {isa = PBXBuildFile; fileRef = 332D013226FD845F00E3F387 /* gesture_normal@3x.png */; };
		332D014926FD845F00E3F387 /* gesture_indicator_selected@2x.png in Resources */ = {isa = PBXBuildFile; fileRef = 332D013326FD845F00E3F387 /* gesture_indicator_selected@2x.png */; };
		332D014A26FD845F00E3F387 /* gesture_normal@2x.png in Resources */ = {isa = PBXBuildFile; fileRef = 332D013426FD845F00E3F387 /* gesture_normal@2x.png */; };
		332D014B26FD845F00E3F387 /* gesture_selected@2x.png in Resources */ = {isa = PBXBuildFile; fileRef = 332D013526FD845F00E3F387 /* gesture_selected@2x.png */; };
		332D014C26FD845F00E3F387 /* gesture_normal.png in Resources */ = {isa = PBXBuildFile; fileRef = 332D013626FD845F00E3F387 /* gesture_normal.png */; };
		332D014D26FD845F00E3F387 /* gesture_normal@0.5x.png in Resources */ = {isa = PBXBuildFile; fileRef = 332D013726FD845F00E3F387 /* gesture_normal@0.5x.png */; };
		332D014E26FD845F00E3F387 /* gesture_selected.png in Resources */ = {isa = PBXBuildFile; fileRef = 332D013826FD845F00E3F387 /* gesture_selected.png */; };
		332D014F26FD845F00E3F387 /* gesture_selected@0.5x.png in Resources */ = {isa = PBXBuildFile; fileRef = 332D013926FD845F00E3F387 /* gesture_selected@0.5x.png */; };
		332D015026FD845F00E3F387 /* TKGestureLockWindow.m in Sources */ = {isa = PBXBuildFile; fileRef = 332D013A26FD845F00E3F387 /* TKGestureLockWindow.m */; };
		332D015226FD845F00E3F387 /* TKGestureLockBackView.m in Sources */ = {isa = PBXBuildFile; fileRef = 332D013F26FD845F00E3F387 /* TKGestureLockBackView.m */; };
		3349D2632729A145006109F6 /* DatabaseManager.mm in Sources */ = {isa = PBXBuildFile; fileRef = 3349D2622729A145006109F6 /* DatabaseManager.mm */; };
		335124E224D6E2C9004489CA /* PDRequest.m in Sources */ = {isa = PBXBuildFile; fileRef = 335124E124D6E2C9004489CA /* PDRequest.m */; };
		335338862723254C00D18EDE /* PicData_macPlugin_release.bundle in Resources */ = {isa = PBXBuildFile; fileRef = 335338842723254C00D18EDE /* PicData_macPlugin_release.bundle */; };
		335338872723254C00D18EDE /* PicData_macPlugin_debug.bundle in Resources */ = {isa = PBXBuildFile; fileRef = 335338852723254C00D18EDE /* PicData_macPlugin_debug.bundle */; };
		3353389A2723279C00D18EDE /* PicData_macPlugin_debug.bundle in Embed PlugIns */ = {isa = PBXBuildFile; fileRef = 335338852723254C00D18EDE /* PicData_macPlugin_debug.bundle */; settings = {ATTRIBUTES = (CodeSignOnCopy, RemoveHeadersOnCopy, ); }; };
		3353389B2723279C00D18EDE /* PicData_macPlugin_release.bundle in Embed PlugIns */ = {isa = PBXBuildFile; fileRef = 335338842723254C00D18EDE /* PicData_macPlugin_release.bundle */; settings = {ATTRIBUTES = (CodeSignOnCopy, RemoveHeadersOnCopy, ); }; };
		335719B424DD358C00303E83 /* FloatingWindowView.m in Sources */ = {isa = PBXBuildFile; fileRef = 335719B224DD358B00303E83 /* FloatingWindowView.m */; };
		336A9D9B250DF17C00BF277C /* PicContentView.m in Sources */ = {isa = PBXBuildFile; fileRef = 336A9D9A250DF17C00BF277C /* PicContentView.m */; };
		337DA9AB25982D7700A679BB /* ViewerContentView.m in Sources */ = {isa = PBXBuildFile; fileRef = 337DA9AA25982D7700A679BB /* ViewerContentView.m */; };
		337DA9AF25982D9400A679BB /* ViewerContentCell.m in Sources */ = {isa = PBXBuildFile; fileRef = 337DA9AE25982D9400A679BB /* ViewerContentCell.m */; };
		33967B5226EDF44600B308B1 /* HomeViewController.m in Sources */ = {isa = PBXBuildFile; fileRef = 33967B5126EDF44600B308B1 /* HomeViewController.m */; };
		33AB92B424C3F5AA00E97E42 /* SettingViewController.m in Sources */ = {isa = PBXBuildFile; fileRef = 33AB92B324C3F5AA00E97E42 /* SettingViewController.m */; };
		33B43FB72554436C00C33FD0 /* Foundation+Log.m in Sources */ = {isa = PBXBuildFile; fileRef = 33B43FB62554436C00C33FD0 /* Foundation+Log.m */; };
		33B43FC22554495100C33FD0 /* ViewerFileModel.m in Sources */ = {isa = PBXBuildFile; fileRef = 33B43FC12554495100C33FD0 /* ViewerFileModel.m */; };
		33B43FC7255455B600C33FD0 /* UINavigationController+push.m in Sources */ = {isa = PBXBuildFile; fileRef = 33B43FC6255455B600C33FD0 /* UINavigationController+push.m */; };
		33E88E2228067BF30095AB73 /* PicDataSDK.xcframework in Frameworks */ = {isa = PBXBuildFile; fileRef = 33E88E2128067BF30095AB73 /* PicDataSDK.xcframework */; };
		33F0CD4924ED6C120051D74E /* TransViewCell.m in Sources */ = {isa = PBXBuildFile; fileRef = 33F0CD4824ED6C120051D74E /* TransViewCell.m */; };
		33F1460C25932BC50042CF31 /* NSObject+ChangeUnicode.m in Sources */ = {isa = PBXBuildFile; fileRef = 33F1460B25932BC50042CF31 /* NSObject+ChangeUnicode.m */; };
		9D0A4A4225FE54F700E505AC /* PicContentViewFlowLayout.m in Sources */ = {isa = PBXBuildFile; fileRef = 9D0A4A4125FE54F700E505AC /* PicContentViewFlowLayout.m */; };
		9D3593E1244D3D38005ADF05 /* ContentParserManager.m in Sources */ = {isa = PBXBuildFile; fileRef = 9D3593E0244D3D38005ADF05 /* ContentParserManager.m */; };
		9D3593E5244D5FC7005ADF05 /* DetailViewController.m in Sources */ = {isa = PBXBuildFile; fileRef = 9D3593E4244D5FC7005ADF05 /* DetailViewController.m */; };
		9D3593E8244D66C7005ADF05 /* DetailViewModel.m in Sources */ = {isa = PBXBuildFile; fileRef = 9D3593E7244D66C7005ADF05 /* DetailViewModel.m */; };
		9D3593EF244D6D32005ADF05 /* DetailViewContentCell.m in Sources */ = {isa = PBXBuildFile; fileRef = 9D3593EE244D6D32005ADF05 /* DetailViewContentCell.m */; };
		9D4B0E36262307CE0062AD82 /* SettingPathViewController.m in Sources */ = {isa = PBXBuildFile; fileRef = 9D4B0E35262307CE0062AD82 /* SettingPathViewController.m */; };
		9D607E042622A9D000FE95B5 /* OCGumboElement+query.m in Sources */ = {isa = PBXBuildFile; fileRef = 9D607E022622A9CF00FE95B5 /* OCGumboElement+query.m */; };
		9D96DC9E25A376080045D123 /* AppTool.m in Sources */ = {isa = PBXBuildFile; fileRef = 9D96DC9D25A376080045D123 /* AppTool.m */; };
		9D96DCA325A379540045D123 /* PicClassifyTableView.m in Sources */ = {isa = PBXBuildFile; fileRef = 9D96DCA225A379540045D123 /* PicClassifyTableView.m */; };
		9D96DCC525A37CBB0045D123 /* PicClassifyTagsViewCell.m in Sources */ = {isa = PBXBuildFile; fileRef = 9D96DCC125A37CBA0045D123 /* PicClassifyTagsViewCell.m */; };
		9D96DCC625A37CBB0045D123 /* PicClassifyTagsFrame.m in Sources */ = {isa = PBXBuildFile; fileRef = 9D96DCC225A37CBB0045D123 /* PicClassifyTagsFrame.m */; };
		9D9956C225F4B1BB00370811 /* NSString+string.m in Sources */ = {isa = PBXBuildFile; fileRef = 9D9956C125F4B1BB00370811 /* NSString+string.m */; };
		9DC94C982552ECB8008ACAF8 /* BaseViewController.m in Sources */ = {isa = PBXBuildFile; fileRef = 9DC94C972552ECB8008ACAF8 /* BaseViewController.m */; };
		9DC94C9E2552ECE5008ACAF8 /* BaseNavigationController.m in Sources */ = {isa = PBXBuildFile; fileRef = 9DC94C9D2552ECE5008ACAF8 /* BaseNavigationController.m */; };
		9DC94CA32552ECFE008ACAF8 /* BaseTabBarController.m in Sources */ = {isa = PBXBuildFile; fileRef = 9DC94CA22552ECFE008ACAF8 /* BaseTabBarController.m */; };
		9DC94CAB2552F7E0008ACAF8 /* LocalFileListVC.m in Sources */ = {isa = PBXBuildFile; fileRef = 9DC94CAA2552F7E0008ACAF8 /* LocalFileListVC.m */; };
		9DE95C74244C3E0F00E31735 /* AppDelegate.m in Sources */ = {isa = PBXBuildFile; fileRef = 9DE95C73244C3E0F00E31735 /* AppDelegate.m */; };
		9DE95C7F244C3E1100E31735 /* Assets.xcassets in Resources */ = {isa = PBXBuildFile; fileRef = 9DE95C7E244C3E1100E31735 /* Assets.xcassets */; };
		9DE95C82244C3E1100E31735 /* LaunchScreen.storyboard in Resources */ = {isa = PBXBuildFile; fileRef = 9DE95C80244C3E1100E31735 /* LaunchScreen.storyboard */; };
		9DE95C85244C3E1100E31735 /* main.m in Sources */ = {isa = PBXBuildFile; fileRef = 9DE95C84244C3E1100E31735 /* main.m */; };
		9DE95CC1244C3FDD00E31735 /* string_buffer.c in Sources */ = {isa = PBXBuildFile; fileRef = 9DE95C95244C3FDC00E31735 /* string_buffer.c */; };
		9DE95CC2244C3FDD00E31735 /* util.c in Sources */ = {isa = PBXBuildFile; fileRef = 9DE95C98244C3FDC00E31735 /* util.c */; };
		9DE95CC3244C3FDD00E31735 /* char_ref.rl in Resources */ = {isa = PBXBuildFile; fileRef = 9DE95C99244C3FDC00E31735 /* char_ref.rl */; };
		9DE95CC4244C3FDD00E31735 /* vector.c in Sources */ = {isa = PBXBuildFile; fileRef = 9DE95C9C244C3FDC00E31735 /* vector.c */; };
		9DE95CC5244C3FDD00E31735 /* attribute.c in Sources */ = {isa = PBXBuildFile; fileRef = 9DE95C9D244C3FDC00E31735 /* attribute.c */; };
		9DE95CC6244C3FDD00E31735 /* char_ref.c in Sources */ = {isa = PBXBuildFile; fileRef = 9DE95C9E244C3FDC00E31735 /* char_ref.c */; };
		9DE95CC7244C3FDD00E31735 /* utf8.c in Sources */ = {isa = PBXBuildFile; fileRef = 9DE95CA0244C3FDC00E31735 /* utf8.c */; };
		9DE95CC8244C3FDD00E31735 /* error.c in Sources */ = {isa = PBXBuildFile; fileRef = 9DE95CA6244C3FDC00E31735 /* error.c */; };
		9DE95CC9244C3FDD00E31735 /* tag.in in Resources */ = {isa = PBXBuildFile; fileRef = 9DE95CA7244C3FDC00E31735 /* tag.in */; };
		9DE95CCA244C3FDD00E31735 /* tag.c in Sources */ = {isa = PBXBuildFile; fileRef = 9DE95CA9244C3FDC00E31735 /* tag.c */; };
		9DE95CCB244C3FDD00E31735 /* parser.c in Sources */ = {isa = PBXBuildFile; fileRef = 9DE95CAD244C3FDC00E31735 /* parser.c */; };
		9DE95CCC244C3FDD00E31735 /* tokenizer.c in Sources */ = {isa = PBXBuildFile; fileRef = 9DE95CB1244C3FDC00E31735 /* tokenizer.c */; };
		9DE95CCD244C3FDD00E31735 /* string_piece.c in Sources */ = {isa = PBXBuildFile; fileRef = 9DE95CB2244C3FDC00E31735 /* string_piece.c */; };
		9DE95CCE244C3FDD00E31735 /* OCGumbo+Query.m in Sources */ = {isa = PBXBuildFile; fileRef = 9DE95CB6244C3FDC00E31735 /* OCGumbo+Query.m */; };
		9DE95CCF244C3FDD00E31735 /* OCGumbo.m in Sources */ = {isa = PBXBuildFile; fileRef = 9DE95CB7244C3FDC00E31735 /* OCGumbo.m */; };
		9DE95CD0244C3FDD00E31735 /* MBProgressHUD+LZPShow.m in Sources */ = {isa = PBXBuildFile; fileRef = 9DE95CBA244C3FDC00E31735 /* MBProgressHUD+LZPShow.m */; };
		9DE95CD7244C417900E31735 /* PicSourceModel.mm in Sources */ = {isa = PBXBuildFile; fileRef = 9DE95CD6244C417900E31735 /* PicSourceModel.mm */; };
		9DE95CD9244C418700E31735 /* PicSource.json in Resources */ = {isa = PBXBuildFile; fileRef = 9DE95CD8244C418700E31735 /* PicSource.json */; };
		9DE95CDC244C43A400E31735 /* PicClassModel.m in Sources */ = {isa = PBXBuildFile; fileRef = 9DE95CDB244C43A400E31735 /* PicClassModel.m */; };
		9DE95CE0244C468500E31735 /* ContentViewController.m in Sources */ = {isa = PBXBuildFile; fileRef = 9DE95CDF244C468500E31735 /* ContentViewController.m */; };
		9DE95CE4244C49C900E31735 /* PicContentCell.m in Sources */ = {isa = PBXBuildFile; fileRef = 9DE95CE3244C49C900E31735 /* PicContentCell.m */; };
		9DE95CE8244C4E5700E31735 /* PicContentModel.mm in Sources */ = {isa = PBXBuildFile; fileRef = 9DE95CE7244C4E5700E31735 /* PicContentModel.mm */; };
		9DE95CEE244C5FBC00E31735 /* UILabel+text.m in Sources */ = {isa = PBXBuildFile; fileRef = 9DE95CED244C5FBC00E31735 /* UILabel+text.m */; };
		9DE95CFA244CA25900E31735 /* PDDownloadManager.m in Sources */ = {isa = PBXBuildFile; fileRef = 9DE95CF9244CA25900E31735 /* PDDownloadManager.m */; };
		A5A82B4C8681983B19BDEC52 /* Pods_PicData.framework in Frameworks */ = {isa = PBXBuildFile; fileRef = AE3AF7DEFDCABCA98704D38C /* Pods_PicData.framework */; };
/* End PBXBuildFile section */

/* Begin PBXCopyFilesBuildPhase section */
		335338992723277D00D18EDE /* Embed PlugIns */ = {
			isa = PBXCopyFilesBuildPhase;
			buildActionMask = 2147483647;
			dstPath = "";
			dstSubfolderSpec = 13;
			files = (
				3353389A2723279C00D18EDE /* PicData_macPlugin_debug.bundle in Embed PlugIns */,
				3353389B2723279C00D18EDE /* PicData_macPlugin_release.bundle in Embed PlugIns */,
			);
			name = "Embed PlugIns";
			runOnlyForDeploymentPostprocessing = 0;
		};
/* End PBXCopyFilesBuildPhase section */

/* Begin PBXFileReference section */
		33178B92256A184700CB47F2 /* ViewerViewController.h */ = {isa = PBXFileReference; lastKnownFileType = sourcecode.c.h; path = ViewerViewController.h; sourceTree = "<group>"; };
		33178B93256A184700CB47F2 /* ViewerViewController.m */ = {isa = PBXFileReference; lastKnownFileType = sourcecode.c.objc; path = ViewerViewController.m; sourceTree = "<group>"; };
		331ACC0824F0B5080027857B /* AddNetTaskVC.xib */ = {isa = PBXFileReference; lastKnownFileType = file.xib; path = AddNetTaskVC.xib; sourceTree = "<group>"; };
		3323205724ECB4A300FE5E33 /* PicBaseModel.h */ = {isa = PBXFileReference; lastKnownFileType = sourcecode.c.h; path = PicBaseModel.h; sourceTree = "<group>"; };
		3323205824ECB4A300FE5E33 /* PicBaseModel.mm */ = {isa = PBXFileReference; lastKnownFileType = sourcecode.cpp.objcpp; path = PicBaseModel.mm; sourceTree = "<group>"; };
		3323206124ECE3D000FE5E33 /* PicRuleModel.m */ = {isa = PBXFileReference; fileEncoding = 4; lastKnownFileType = sourcecode.c.objc; path = PicRuleModel.m; sourceTree = "<group>"; };
		3323206224ECE3D000FE5E33 /* PicRuleStepModel.h */ = {isa = PBXFileReference; fileEncoding = 4; lastKnownFileType = sourcecode.c.h; path = PicRuleStepModel.h; sourceTree = "<group>"; };
		3323206324ECE3D100FE5E33 /* PicRuleModel.h */ = {isa = PBXFileReference; fileEncoding = 4; lastKnownFileType = sourcecode.c.h; path = PicRuleModel.h; sourceTree = "<group>"; };
		3323206424ECE3D100FE5E33 /* PicRuleStepModel.m */ = {isa = PBXFileReference; fileEncoding = 4; lastKnownFileType = sourcecode.c.objc; path = PicRuleStepModel.m; sourceTree = "<group>"; };
		3326ACE62553EF700035A473 /* AmIBeingDebugged.h */ = {isa = PBXFileReference; lastKnownFileType = sourcecode.c.h; path = AmIBeingDebugged.h; sourceTree = "<group>"; };
		332C285524EBA5720083A5DC /* AddNetTaskVC.h */ = {isa = PBXFileReference; lastKnownFileType = sourcecode.c.h; path = AddNetTaskVC.h; sourceTree = "<group>"; };
		332C285624EBA5720083A5DC /* AddNetTaskVC.m */ = {isa = PBXFileReference; lastKnownFileType = sourcecode.c.objc; path = AddNetTaskVC.m; sourceTree = "<group>"; };
		332CB1652760F9E5002B97BD /* PicBrowserToolViewHandler.m */ = {isa = PBXFileReference; fileEncoding = 4; lastKnownFileType = sourcecode.c.objc; path = PicBrowserToolViewHandler.m; sourceTree = "<group>"; };
		332CB1662760F9E6002B97BD /* PicBrowserToolViewHandler.h */ = {isa = PBXFileReference; fileEncoding = 4; lastKnownFileType = sourcecode.c.h; path = PicBrowserToolViewHandler.h; sourceTree = "<group>"; };
		332D012A26FD845F00E3F387 /* TKGestureLockManager.m */ = {isa = PBXFileReference; fileEncoding = 4; lastKnownFileType = sourcecode.c.objc; path = TKGestureLockManager.m; sourceTree = "<group>"; };
		332D012B26FD845F00E3F387 /* TKGestureLockView.m */ = {isa = PBXFileReference; fileEncoding = 4; lastKnownFileType = sourcecode.c.objc; path = TKGestureLockView.m; sourceTree = "<group>"; };
		332D012D26FD845F00E3F387 /* gesture_headIcon@2x.png */ = {isa = PBXFileReference; lastKnownFileType = image.png; path = "gesture_headIcon@2x.png"; sourceTree = "<group>"; };
		332D012E26FD845F00E3F387 /* gesture_normal@1.5x.png */ = {isa = PBXFileReference; lastKnownFileType = image.png; path = "gesture_normal@1.5x.png"; sourceTree = "<group>"; };
		332D012F26FD845F00E3F387 /* gesture_indicator_normal@2x.png */ = {isa = PBXFileReference; lastKnownFileType = image.png; path = "gesture_indicator_normal@2x.png"; sourceTree = "<group>"; };
		332D013026FD845F00E3F387 /* gesture_selected@1.5x.png */ = {isa = PBXFileReference; lastKnownFileType = image.png; path = "gesture_selected@1.5x.png"; sourceTree = "<group>"; };
		332D013126FD845F00E3F387 /* gesture_selected@3x.png */ = {isa = PBXFileReference; lastKnownFileType = image.png; path = "gesture_selected@3x.png"; sourceTree = "<group>"; };
		332D013226FD845F00E3F387 /* gesture_normal@3x.png */ = {isa = PBXFileReference; lastKnownFileType = image.png; path = "gesture_normal@3x.png"; sourceTree = "<group>"; };
		332D013326FD845F00E3F387 /* gesture_indicator_selected@2x.png */ = {isa = PBXFileReference; lastKnownFileType = image.png; path = "gesture_indicator_selected@2x.png"; sourceTree = "<group>"; };
		332D013426FD845F00E3F387 /* gesture_normal@2x.png */ = {isa = PBXFileReference; lastKnownFileType = image.png; path = "gesture_normal@2x.png"; sourceTree = "<group>"; };
		332D013526FD845F00E3F387 /* gesture_selected@2x.png */ = {isa = PBXFileReference; lastKnownFileType = image.png; path = "gesture_selected@2x.png"; sourceTree = "<group>"; };
		332D013626FD845F00E3F387 /* gesture_normal.png */ = {isa = PBXFileReference; lastKnownFileType = image.png; path = gesture_normal.png; sourceTree = "<group>"; };
		332D013726FD845F00E3F387 /* gesture_normal@0.5x.png */ = {isa = PBXFileReference; lastKnownFileType = image.png; path = "gesture_normal@0.5x.png"; sourceTree = "<group>"; };
		332D013826FD845F00E3F387 /* gesture_selected.png */ = {isa = PBXFileReference; lastKnownFileType = image.png; path = gesture_selected.png; sourceTree = "<group>"; };
		332D013926FD845F00E3F387 /* gesture_selected@0.5x.png */ = {isa = PBXFileReference; lastKnownFileType = image.png; path = "gesture_selected@0.5x.png"; sourceTree = "<group>"; };
		332D013A26FD845F00E3F387 /* TKGestureLockWindow.m */ = {isa = PBXFileReference; fileEncoding = 4; lastKnownFileType = sourcecode.c.objc; path = TKGestureLockWindow.m; sourceTree = "<group>"; };
		332D013B26FD845F00E3F387 /* TKGestureLockBackView.h */ = {isa = PBXFileReference; fileEncoding = 4; lastKnownFileType = sourcecode.c.h; path = TKGestureLockBackView.h; sourceTree = "<group>"; };
		332D013D26FD845F00E3F387 /* TKGestureLockView.h */ = {isa = PBXFileReference; fileEncoding = 4; lastKnownFileType = sourcecode.c.h; path = TKGestureLockView.h; sourceTree = "<group>"; };
		332D013E26FD845F00E3F387 /* TKGestureLockManager.h */ = {isa = PBXFileReference; fileEncoding = 4; lastKnownFileType = sourcecode.c.h; path = TKGestureLockManager.h; sourceTree = "<group>"; };
		332D013F26FD845F00E3F387 /* TKGestureLockBackView.m */ = {isa = PBXFileReference; fileEncoding = 4; lastKnownFileType = sourcecode.c.objc; path = TKGestureLockBackView.m; sourceTree = "<group>"; };
		332D014026FD845F00E3F387 /* TKGestureLockWindow.h */ = {isa = PBXFileReference; fileEncoding = 4; lastKnownFileType = sourcecode.c.h; path = TKGestureLockWindow.h; sourceTree = "<group>"; };
		3349D25F27299D76006109F6 /* PicBaseModel+WCTTableCoding.h */ = {isa = PBXFileReference; lastKnownFileType = sourcecode.c.h; path = "PicBaseModel+WCTTableCoding.h"; sourceTree = "<group>"; };
		3349D2612729A145006109F6 /* DatabaseManager.h */ = {isa = PBXFileReference; lastKnownFileType = sourcecode.c.h; path = DatabaseManager.h; sourceTree = "<group>"; };
		3349D2622729A145006109F6 /* DatabaseManager.mm */ = {isa = PBXFileReference; lastKnownFileType = sourcecode.cpp.objcpp; path = DatabaseManager.mm; sourceTree = "<group>"; };
		3349D2642729A163006109F6 /* DatabaseManager+WCTTableCoding.h */ = {isa = PBXFileReference; lastKnownFileType = sourcecode.c.h; path = "DatabaseManager+WCTTableCoding.h"; sourceTree = "<group>"; };
		3349D2652729A404006109F6 /* PicSourceModel+WCTTableCoding.h */ = {isa = PBXFileReference; lastKnownFileType = sourcecode.c.h; path = "PicSourceModel+WCTTableCoding.h"; sourceTree = "<group>"; };
		3349D2662729A60F006109F6 /* PicContentModel+WCTTableCoding.h */ = {isa = PBXFileReference; lastKnownFileType = sourcecode.c.h; path = "PicContentModel+WCTTableCoding.h"; sourceTree = "<group>"; };
		335124E024D6E2C9004489CA /* PDRequest.h */ = {isa = PBXFileReference; lastKnownFileType = sourcecode.c.h; path = PDRequest.h; sourceTree = "<group>"; };
		335124E124D6E2C9004489CA /* PDRequest.m */ = {isa = PBXFileReference; lastKnownFileType = sourcecode.c.objc; path = PDRequest.m; sourceTree = "<group>"; };
		335338842723254C00D18EDE /* PicData_macPlugin_release.bundle */ = {isa = PBXFileReference; lastKnownFileType = "wrapper.plug-in"; path = PicData_macPlugin_release.bundle; sourceTree = "<group>"; };
		335338852723254C00D18EDE /* PicData_macPlugin_debug.bundle */ = {isa = PBXFileReference; lastKnownFileType = "wrapper.plug-in"; path = PicData_macPlugin_debug.bundle; sourceTree = "<group>"; };
		335719B224DD358B00303E83 /* FloatingWindowView.m */ = {isa = PBXFileReference; fileEncoding = 4; lastKnownFileType = sourcecode.c.objc; path = FloatingWindowView.m; sourceTree = "<group>"; };
		335719B324DD358C00303E83 /* FloatingWindowView.h */ = {isa = PBXFileReference; fileEncoding = 4; lastKnownFileType = sourcecode.c.h; path = FloatingWindowView.h; sourceTree = "<group>"; };
		336A9D99250DF17C00BF277C /* PicContentView.h */ = {isa = PBXFileReference; lastKnownFileType = sourcecode.c.h; path = PicContentView.h; sourceTree = "<group>"; };
		336A9D9A250DF17C00BF277C /* PicContentView.m */ = {isa = PBXFileReference; lastKnownFileType = sourcecode.c.objc; path = PicContentView.m; sourceTree = "<group>"; };
		337DA9A925982D7700A679BB /* ViewerContentView.h */ = {isa = PBXFileReference; lastKnownFileType = sourcecode.c.h; path = ViewerContentView.h; sourceTree = "<group>"; };
		337DA9AA25982D7700A679BB /* ViewerContentView.m */ = {isa = PBXFileReference; lastKnownFileType = sourcecode.c.objc; path = ViewerContentView.m; sourceTree = "<group>"; };
		337DA9AD25982D9400A679BB /* ViewerContentCell.h */ = {isa = PBXFileReference; lastKnownFileType = sourcecode.c.h; path = ViewerContentCell.h; sourceTree = "<group>"; };
		337DA9AE25982D9400A679BB /* ViewerContentCell.m */ = {isa = PBXFileReference; lastKnownFileType = sourcecode.c.objc; path = ViewerContentCell.m; sourceTree = "<group>"; };
		33967B5026EDF44600B308B1 /* HomeViewController.h */ = {isa = PBXFileReference; lastKnownFileType = sourcecode.c.h; path = HomeViewController.h; sourceTree = "<group>"; };
		33967B5126EDF44600B308B1 /* HomeViewController.m */ = {isa = PBXFileReference; lastKnownFileType = sourcecode.c.objc; path = HomeViewController.m; sourceTree = "<group>"; };
		33AB92B224C3F5AA00E97E42 /* SettingViewController.h */ = {isa = PBXFileReference; lastKnownFileType = sourcecode.c.h; path = SettingViewController.h; sourceTree = "<group>"; };
		33AB92B324C3F5AA00E97E42 /* SettingViewController.m */ = {isa = PBXFileReference; lastKnownFileType = sourcecode.c.objc; path = SettingViewController.m; sourceTree = "<group>"; };
		33B43FB62554436C00C33FD0 /* Foundation+Log.m */ = {isa = PBXFileReference; fileEncoding = 4; lastKnownFileType = sourcecode.c.objc; path = "Foundation+Log.m"; sourceTree = "<group>"; };
		33B43FC02554495100C33FD0 /* ViewerFileModel.h */ = {isa = PBXFileReference; lastKnownFileType = sourcecode.c.h; path = ViewerFileModel.h; sourceTree = "<group>"; };
		33B43FC12554495100C33FD0 /* ViewerFileModel.m */ = {isa = PBXFileReference; lastKnownFileType = sourcecode.c.objc; path = ViewerFileModel.m; sourceTree = "<group>"; };
		33B43FC5255455B600C33FD0 /* UINavigationController+push.h */ = {isa = PBXFileReference; lastKnownFileType = sourcecode.c.h; path = "UINavigationController+push.h"; sourceTree = "<group>"; };
		33B43FC6255455B600C33FD0 /* UINavigationController+push.m */ = {isa = PBXFileReference; lastKnownFileType = sourcecode.c.objc; path = "UINavigationController+push.m"; sourceTree = "<group>"; };
		33E88E2128067BF30095AB73 /* PicDataSDK.xcframework */ = {isa = PBXFileReference; lastKnownFileType = wrapper.xcframework; name = PicDataSDK.xcframework; path = ../../../PicDataSDK/PicDataSDK/Products/PicDataSDK.xcframework; sourceTree = "<group>"; };
		33F0CD4724ED6C120051D74E /* TransViewCell.h */ = {isa = PBXFileReference; lastKnownFileType = sourcecode.c.h; path = TransViewCell.h; sourceTree = "<group>"; };
		33F0CD4824ED6C120051D74E /* TransViewCell.m */ = {isa = PBXFileReference; lastKnownFileType = sourcecode.c.objc; path = TransViewCell.m; sourceTree = "<group>"; };
		33F1460A25932BC50042CF31 /* NSObject+ChangeUnicode.h */ = {isa = PBXFileReference; fileEncoding = 4; lastKnownFileType = sourcecode.c.h; path = "NSObject+ChangeUnicode.h"; sourceTree = "<group>"; };
		33F1460B25932BC50042CF31 /* NSObject+ChangeUnicode.m */ = {isa = PBXFileReference; fileEncoding = 4; lastKnownFileType = sourcecode.c.objc; path = "NSObject+ChangeUnicode.m"; sourceTree = "<group>"; };
		5702B2BB621B784D30524735 /* Pods-PicData.release.xcconfig */ = {isa = PBXFileReference; includeInIndex = 1; lastKnownFileType = text.xcconfig; name = "Pods-PicData.release.xcconfig"; path = "Target Support Files/Pods-PicData/Pods-PicData.release.xcconfig"; sourceTree = "<group>"; };
		9D0A4A4025FE54F700E505AC /* PicContentViewFlowLayout.h */ = {isa = PBXFileReference; lastKnownFileType = sourcecode.c.h; path = PicContentViewFlowLayout.h; sourceTree = "<group>"; };
		9D0A4A4125FE54F700E505AC /* PicContentViewFlowLayout.m */ = {isa = PBXFileReference; lastKnownFileType = sourcecode.c.objc; path = PicContentViewFlowLayout.m; sourceTree = "<group>"; };
		9D3593DF244D3D38005ADF05 /* ContentParserManager.h */ = {isa = PBXFileReference; lastKnownFileType = sourcecode.c.h; path = ContentParserManager.h; sourceTree = "<group>"; };
		9D3593E0244D3D38005ADF05 /* ContentParserManager.m */ = {isa = PBXFileReference; lastKnownFileType = sourcecode.c.objc; path = ContentParserManager.m; sourceTree = "<group>"; };
		9D3593E3244D5FC7005ADF05 /* DetailViewController.h */ = {isa = PBXFileReference; lastKnownFileType = sourcecode.c.h; path = DetailViewController.h; sourceTree = "<group>"; };
		9D3593E4244D5FC7005ADF05 /* DetailViewController.m */ = {isa = PBXFileReference; lastKnownFileType = sourcecode.c.objc; path = DetailViewController.m; sourceTree = "<group>"; };
		9D3593E6244D66C7005ADF05 /* DetailViewModel.h */ = {isa = PBXFileReference; lastKnownFileType = sourcecode.c.h; path = DetailViewModel.h; sourceTree = "<group>"; };
		9D3593E7244D66C7005ADF05 /* DetailViewModel.m */ = {isa = PBXFileReference; lastKnownFileType = sourcecode.c.objc; path = DetailViewModel.m; sourceTree = "<group>"; };
		9D3593ED244D6D32005ADF05 /* DetailViewContentCell.h */ = {isa = PBXFileReference; lastKnownFileType = sourcecode.c.h; path = DetailViewContentCell.h; sourceTree = "<group>"; };
		9D3593EE244D6D32005ADF05 /* DetailViewContentCell.m */ = {isa = PBXFileReference; lastKnownFileType = sourcecode.c.objc; path = DetailViewContentCell.m; sourceTree = "<group>"; };
		9D4B0E34262307CE0062AD82 /* SettingPathViewController.h */ = {isa = PBXFileReference; lastKnownFileType = sourcecode.c.h; path = SettingPathViewController.h; sourceTree = "<group>"; };
		9D4B0E35262307CE0062AD82 /* SettingPathViewController.m */ = {isa = PBXFileReference; lastKnownFileType = sourcecode.c.objc; path = SettingPathViewController.m; sourceTree = "<group>"; };
		9D607E022622A9CF00FE95B5 /* OCGumboElement+query.m */ = {isa = PBXFileReference; fileEncoding = 4; lastKnownFileType = sourcecode.c.objc; path = "OCGumboElement+query.m"; sourceTree = "<group>"; };
		9D607E032622A9D000FE95B5 /* OCGumboElement+query.h */ = {isa = PBXFileReference; fileEncoding = 4; lastKnownFileType = sourcecode.c.h; path = "OCGumboElement+query.h"; sourceTree = "<group>"; };
		9D96DC9C25A376080045D123 /* AppTool.h */ = {isa = PBXFileReference; lastKnownFileType = sourcecode.c.h; path = AppTool.h; sourceTree = "<group>"; };
		9D96DC9D25A376080045D123 /* AppTool.m */ = {isa = PBXFileReference; lastKnownFileType = sourcecode.c.objc; path = AppTool.m; sourceTree = "<group>"; };
		9D96DCA125A379540045D123 /* PicClassifyTableView.h */ = {isa = PBXFileReference; lastKnownFileType = sourcecode.c.h; path = PicClassifyTableView.h; sourceTree = "<group>"; };
		9D96DCA225A379540045D123 /* PicClassifyTableView.m */ = {isa = PBXFileReference; lastKnownFileType = sourcecode.c.objc; path = PicClassifyTableView.m; sourceTree = "<group>"; };
		9D96DCC125A37CBA0045D123 /* PicClassifyTagsViewCell.m */ = {isa = PBXFileReference; fileEncoding = 4; lastKnownFileType = sourcecode.c.objc; path = PicClassifyTagsViewCell.m; sourceTree = "<group>"; };
		9D96DCC225A37CBB0045D123 /* PicClassifyTagsFrame.m */ = {isa = PBXFileReference; fileEncoding = 4; lastKnownFileType = sourcecode.c.objc; path = PicClassifyTagsFrame.m; sourceTree = "<group>"; };
		9D96DCC325A37CBB0045D123 /* PicClassifyTagsViewCell.h */ = {isa = PBXFileReference; fileEncoding = 4; lastKnownFileType = sourcecode.c.h; path = PicClassifyTagsViewCell.h; sourceTree = "<group>"; };
		9D96DCC425A37CBB0045D123 /* PicClassifyTagsFrame.h */ = {isa = PBXFileReference; fileEncoding = 4; lastKnownFileType = sourcecode.c.h; path = PicClassifyTagsFrame.h; sourceTree = "<group>"; };
		9D9956C025F4B1BB00370811 /* NSString+string.h */ = {isa = PBXFileReference; lastKnownFileType = sourcecode.c.h; path = "NSString+string.h"; sourceTree = "<group>"; };
		9D9956C125F4B1BB00370811 /* NSString+string.m */ = {isa = PBXFileReference; lastKnownFileType = sourcecode.c.objc; path = "NSString+string.m"; sourceTree = "<group>"; };
		9DC94C962552ECB8008ACAF8 /* BaseViewController.h */ = {isa = PBXFileReference; lastKnownFileType = sourcecode.c.h; path = BaseViewController.h; sourceTree = "<group>"; };
		9DC94C972552ECB8008ACAF8 /* BaseViewController.m */ = {isa = PBXFileReference; lastKnownFileType = sourcecode.c.objc; path = BaseViewController.m; sourceTree = "<group>"; };
		9DC94C9C2552ECE5008ACAF8 /* BaseNavigationController.h */ = {isa = PBXFileReference; lastKnownFileType = sourcecode.c.h; path = BaseNavigationController.h; sourceTree = "<group>"; };
		9DC94C9D2552ECE5008ACAF8 /* BaseNavigationController.m */ = {isa = PBXFileReference; lastKnownFileType = sourcecode.c.objc; path = BaseNavigationController.m; sourceTree = "<group>"; };
		9DC94CA12552ECFE008ACAF8 /* BaseTabBarController.h */ = {isa = PBXFileReference; lastKnownFileType = sourcecode.c.h; path = BaseTabBarController.h; sourceTree = "<group>"; };
		9DC94CA22552ECFE008ACAF8 /* BaseTabBarController.m */ = {isa = PBXFileReference; lastKnownFileType = sourcecode.c.objc; path = BaseTabBarController.m; sourceTree = "<group>"; };
		9DC94CA92552F7E0008ACAF8 /* LocalFileListVC.h */ = {isa = PBXFileReference; lastKnownFileType = sourcecode.c.h; path = LocalFileListVC.h; sourceTree = "<group>"; };
		9DC94CAA2552F7E0008ACAF8 /* LocalFileListVC.m */ = {isa = PBXFileReference; lastKnownFileType = sourcecode.c.objc; path = LocalFileListVC.m; sourceTree = "<group>"; };
		9DE95C6F244C3E0F00E31735 /* PicData.app */ = {isa = PBXFileReference; explicitFileType = wrapper.application; includeInIndex = 0; path = PicData.app; sourceTree = BUILT_PRODUCTS_DIR; };
		9DE95C72244C3E0F00E31735 /* AppDelegate.h */ = {isa = PBXFileReference; lastKnownFileType = sourcecode.c.h; path = AppDelegate.h; sourceTree = "<group>"; };
		9DE95C73244C3E0F00E31735 /* AppDelegate.m */ = {isa = PBXFileReference; lastKnownFileType = sourcecode.c.objc; path = AppDelegate.m; sourceTree = "<group>"; };
		9DE95C7E244C3E1100E31735 /* Assets.xcassets */ = {isa = PBXFileReference; lastKnownFileType = folder.assetcatalog; path = Assets.xcassets; sourceTree = "<group>"; };
		9DE95C81244C3E1100E31735 /* Base */ = {isa = PBXFileReference; lastKnownFileType = file.storyboard; name = Base; path = Base.lproj/LaunchScreen.storyboard; sourceTree = "<group>"; };
		9DE95C83244C3E1100E31735 /* Info.plist */ = {isa = PBXFileReference; lastKnownFileType = text.plist.xml; path = Info.plist; sourceTree = "<group>"; };
		9DE95C84244C3E1100E31735 /* main.m */ = {isa = PBXFileReference; lastKnownFileType = sourcecode.c.objc; path = main.m; sourceTree = "<group>"; };
		9DE95C8B244C3E4900E31735 /* PicData.entitlements */ = {isa = PBXFileReference; lastKnownFileType = text.plist.entitlements; path = PicData.entitlements; sourceTree = "<group>"; };
		9DE95C8C244C3ED400E31735 /* PrefixHeader.pch */ = {isa = PBXFileReference; lastKnownFileType = sourcecode.c.h; path = PrefixHeader.pch; sourceTree = "<group>"; };
		9DE95C92244C3F7F00E31735 /* Config.h */ = {isa = PBXFileReference; lastKnownFileType = sourcecode.c.h; path = Config.h; sourceTree = "<group>"; };
		9DE95C95244C3FDC00E31735 /* string_buffer.c */ = {isa = PBXFileReference; fileEncoding = 4; lastKnownFileType = sourcecode.c.c; path = string_buffer.c; sourceTree = "<group>"; };
		9DE95C96244C3FDC00E31735 /* error.h */ = {isa = PBXFileReference; fileEncoding = 4; lastKnownFileType = sourcecode.c.h; path = error.h; sourceTree = "<group>"; };
		9DE95C97244C3FDC00E31735 /* tag_enum.h */ = {isa = PBXFileReference; fileEncoding = 4; lastKnownFileType = sourcecode.c.h; path = tag_enum.h; sourceTree = "<group>"; };
		9DE95C98244C3FDC00E31735 /* util.c */ = {isa = PBXFileReference; fileEncoding = 4; lastKnownFileType = sourcecode.c.c; path = util.c; sourceTree = "<group>"; };
		9DE95C99244C3FDC00E31735 /* char_ref.rl */ = {isa = PBXFileReference; fileEncoding = 4; lastKnownFileType = text; path = char_ref.rl; sourceTree = "<group>"; };
		9DE95C9A244C3FDC00E31735 /* insertion_mode.h */ = {isa = PBXFileReference; fileEncoding = 4; lastKnownFileType = sourcecode.c.h; path = insertion_mode.h; sourceTree = "<group>"; };
		9DE95C9B244C3FDC00E31735 /* parser.h */ = {isa = PBXFileReference; fileEncoding = 4; lastKnownFileType = sourcecode.c.h; path = parser.h; sourceTree = "<group>"; };
		9DE95C9C244C3FDC00E31735 /* vector.c */ = {isa = PBXFileReference; fileEncoding = 4; lastKnownFileType = sourcecode.c.c; path = vector.c; sourceTree = "<group>"; };
		9DE95C9D244C3FDC00E31735 /* attribute.c */ = {isa = PBXFileReference; fileEncoding = 4; lastKnownFileType = sourcecode.c.c; path = attribute.c; sourceTree = "<group>"; };
		9DE95C9E244C3FDC00E31735 /* char_ref.c */ = {isa = PBXFileReference; fileEncoding = 4; lastKnownFileType = sourcecode.c.c; path = char_ref.c; sourceTree = "<group>"; };
		9DE95C9F244C3FDC00E31735 /* tokenizer.h */ = {isa = PBXFileReference; fileEncoding = 4; lastKnownFileType = sourcecode.c.h; path = tokenizer.h; sourceTree = "<group>"; };
		9DE95CA0244C3FDC00E31735 /* utf8.c */ = {isa = PBXFileReference; fileEncoding = 4; lastKnownFileType = sourcecode.c.c; path = utf8.c; sourceTree = "<group>"; };
		9DE95CA1244C3FDC00E31735 /* string_piece.h */ = {isa = PBXFileReference; fileEncoding = 4; lastKnownFileType = sourcecode.c.h; path = string_piece.h; sourceTree = "<group>"; };
		9DE95CA2244C3FDC00E31735 /* tokenizer_states.h */ = {isa = PBXFileReference; fileEncoding = 4; lastKnownFileType = sourcecode.c.h; path = tokenizer_states.h; sourceTree = "<group>"; };
		9DE95CA3244C3FDC00E31735 /* token_type.h */ = {isa = PBXFileReference; fileEncoding = 4; lastKnownFileType = sourcecode.c.h; path = token_type.h; sourceTree = "<group>"; };
		9DE95CA4244C3FDC00E31735 /* tag_gperf.h */ = {isa = PBXFileReference; fileEncoding = 4; lastKnownFileType = sourcecode.c.h; path = tag_gperf.h; sourceTree = "<group>"; };
		9DE95CA5244C3FDC00E31735 /* string_buffer.h */ = {isa = PBXFileReference; fileEncoding = 4; lastKnownFileType = sourcecode.c.h; path = string_buffer.h; sourceTree = "<group>"; };
		9DE95CA6244C3FDC00E31735 /* error.c */ = {isa = PBXFileReference; fileEncoding = 4; lastKnownFileType = sourcecode.c.c; path = error.c; sourceTree = "<group>"; };
		9DE95CA7244C3FDC00E31735 /* tag.in */ = {isa = PBXFileReference; fileEncoding = 4; lastKnownFileType = text; path = tag.in; sourceTree = "<group>"; };
		9DE95CA8244C3FDC00E31735 /* util.h */ = {isa = PBXFileReference; fileEncoding = 4; lastKnownFileType = sourcecode.c.h; path = util.h; sourceTree = "<group>"; };
		9DE95CA9244C3FDC00E31735 /* tag.c */ = {isa = PBXFileReference; fileEncoding = 4; lastKnownFileType = sourcecode.c.c; path = tag.c; sourceTree = "<group>"; };
		9DE95CAA244C3FDC00E31735 /* char_ref.h */ = {isa = PBXFileReference; fileEncoding = 4; lastKnownFileType = sourcecode.c.h; path = char_ref.h; sourceTree = "<group>"; };
		9DE95CAB244C3FDC00E31735 /* vector.h */ = {isa = PBXFileReference; fileEncoding = 4; lastKnownFileType = sourcecode.c.h; path = vector.h; sourceTree = "<group>"; };
		9DE95CAC244C3FDC00E31735 /* attribute.h */ = {isa = PBXFileReference; fileEncoding = 4; lastKnownFileType = sourcecode.c.h; path = attribute.h; sourceTree = "<group>"; };
		9DE95CAD244C3FDC00E31735 /* parser.c */ = {isa = PBXFileReference; fileEncoding = 4; lastKnownFileType = sourcecode.c.c; path = parser.c; sourceTree = "<group>"; };
		9DE95CAE244C3FDC00E31735 /* tag_sizes.h */ = {isa = PBXFileReference; fileEncoding = 4; lastKnownFileType = sourcecode.c.h; path = tag_sizes.h; sourceTree = "<group>"; };
		9DE95CAF244C3FDC00E31735 /* tag_strings.h */ = {isa = PBXFileReference; fileEncoding = 4; lastKnownFileType = sourcecode.c.h; path = tag_strings.h; sourceTree = "<group>"; };
		9DE95CB0244C3FDC00E31735 /* utf8.h */ = {isa = PBXFileReference; fileEncoding = 4; lastKnownFileType = sourcecode.c.h; path = utf8.h; sourceTree = "<group>"; };
		9DE95CB1244C3FDC00E31735 /* tokenizer.c */ = {isa = PBXFileReference; fileEncoding = 4; lastKnownFileType = sourcecode.c.c; path = tokenizer.c; sourceTree = "<group>"; };
		9DE95CB2244C3FDC00E31735 /* string_piece.c */ = {isa = PBXFileReference; fileEncoding = 4; lastKnownFileType = sourcecode.c.c; path = string_piece.c; sourceTree = "<group>"; };
		9DE95CB3244C3FDC00E31735 /* gumbo.h */ = {isa = PBXFileReference; fileEncoding = 4; lastKnownFileType = sourcecode.c.h; path = gumbo.h; sourceTree = "<group>"; };
		9DE95CB4244C3FDC00E31735 /* OCGumbo+Query.h */ = {isa = PBXFileReference; fileEncoding = 4; lastKnownFileType = sourcecode.c.h; path = "OCGumbo+Query.h"; sourceTree = "<group>"; };
		9DE95CB5244C3FDC00E31735 /* OCGumbo.h */ = {isa = PBXFileReference; fileEncoding = 4; lastKnownFileType = sourcecode.c.h; path = OCGumbo.h; sourceTree = "<group>"; };
		9DE95CB6244C3FDC00E31735 /* OCGumbo+Query.m */ = {isa = PBXFileReference; fileEncoding = 4; lastKnownFileType = sourcecode.c.objc; path = "OCGumbo+Query.m"; sourceTree = "<group>"; };
		9DE95CB7244C3FDC00E31735 /* OCGumbo.m */ = {isa = PBXFileReference; fileEncoding = 4; lastKnownFileType = sourcecode.c.objc; path = OCGumbo.m; sourceTree = "<group>"; };
		9DE95CBA244C3FDC00E31735 /* MBProgressHUD+LZPShow.m */ = {isa = PBXFileReference; fileEncoding = 4; lastKnownFileType = sourcecode.c.objc; path = "MBProgressHUD+LZPShow.m"; sourceTree = "<group>"; };
		9DE95CBE244C3FDC00E31735 /* MBProgressHUD+LZPShow.h */ = {isa = PBXFileReference; fileEncoding = 4; lastKnownFileType = sourcecode.c.h; path = "MBProgressHUD+LZPShow.h"; sourceTree = "<group>"; };
		9DE95CD5244C417900E31735 /* PicSourceModel.h */ = {isa = PBXFileReference; lastKnownFileType = sourcecode.c.h; path = PicSourceModel.h; sourceTree = "<group>"; };
		9DE95CD6244C417900E31735 /* PicSourceModel.mm */ = {isa = PBXFileReference; lastKnownFileType = sourcecode.cpp.objcpp; path = PicSourceModel.mm; sourceTree = "<group>"; };
		9DE95CD8244C418700E31735 /* PicSource.json */ = {isa = PBXFileReference; lastKnownFileType = text.json; path = PicSource.json; sourceTree = "<group>"; };
		9DE95CDA244C43A400E31735 /* PicClassModel.h */ = {isa = PBXFileReference; lastKnownFileType = sourcecode.c.h; path = PicClassModel.h; sourceTree = "<group>"; };
		9DE95CDB244C43A400E31735 /* PicClassModel.m */ = {isa = PBXFileReference; lastKnownFileType = sourcecode.c.objc; path = PicClassModel.m; sourceTree = "<group>"; };
		9DE95CDE244C468500E31735 /* ContentViewController.h */ = {isa = PBXFileReference; lastKnownFileType = sourcecode.c.h; path = ContentViewController.h; sourceTree = "<group>"; };
		9DE95CDF244C468500E31735 /* ContentViewController.m */ = {isa = PBXFileReference; lastKnownFileType = sourcecode.c.objc; path = ContentViewController.m; sourceTree = "<group>"; };
		9DE95CE2244C49C900E31735 /* PicContentCell.h */ = {isa = PBXFileReference; lastKnownFileType = sourcecode.c.h; path = PicContentCell.h; sourceTree = "<group>"; };
		9DE95CE3244C49C900E31735 /* PicContentCell.m */ = {isa = PBXFileReference; lastKnownFileType = sourcecode.c.objc; path = PicContentCell.m; sourceTree = "<group>"; };
		9DE95CE6244C4E5700E31735 /* PicContentModel.h */ = {isa = PBXFileReference; lastKnownFileType = sourcecode.c.h; path = PicContentModel.h; sourceTree = "<group>"; };
		9DE95CE7244C4E5700E31735 /* PicContentModel.mm */ = {isa = PBXFileReference; lastKnownFileType = sourcecode.cpp.objcpp; path = PicContentModel.mm; sourceTree = "<group>"; };
		9DE95CEC244C5FBC00E31735 /* UILabel+text.h */ = {isa = PBXFileReference; lastKnownFileType = sourcecode.c.h; path = "UILabel+text.h"; sourceTree = "<group>"; };
		9DE95CED244C5FBC00E31735 /* UILabel+text.m */ = {isa = PBXFileReference; lastKnownFileType = sourcecode.c.objc; path = "UILabel+text.m"; sourceTree = "<group>"; };
		9DE95CF8244CA25900E31735 /* PDDownloadManager.h */ = {isa = PBXFileReference; lastKnownFileType = sourcecode.c.h; path = PDDownloadManager.h; sourceTree = "<group>"; };
		9DE95CF9244CA25900E31735 /* PDDownloadManager.m */ = {isa = PBXFileReference; lastKnownFileType = sourcecode.c.objc; path = PDDownloadManager.m; sourceTree = "<group>"; };
		9DE95CFB244CA26F00E31735 /* Singleton.h */ = {isa = PBXFileReference; lastKnownFileType = sourcecode.c.h; path = Singleton.h; sourceTree = "<group>"; };
		AE3AF7DEFDCABCA98704D38C /* Pods_PicData.framework */ = {isa = PBXFileReference; explicitFileType = wrapper.framework; includeInIndex = 0; path = Pods_PicData.framework; sourceTree = BUILT_PRODUCTS_DIR; };
		D90F68A13B5C2B86263A6017 /* Pods-PicData.debug.xcconfig */ = {isa = PBXFileReference; includeInIndex = 1; lastKnownFileType = text.xcconfig; name = "Pods-PicData.debug.xcconfig"; path = "Target Support Files/Pods-PicData/Pods-PicData.debug.xcconfig"; sourceTree = "<group>"; };
/* End PBXFileReference section */

/* Begin PBXFrameworksBuildPhase section */
		9DE95C6C244C3E0F00E31735 /* Frameworks */ = {
			isa = PBXFrameworksBuildPhase;
			buildActionMask = 2147483647;
			files = (
				A5A82B4C8681983B19BDEC52 /* Pods_PicData.framework in Frameworks */,
				33E88E2228067BF30095AB73 /* PicDataSDK.xcframework in Frameworks */,
			);
			runOnlyForDeploymentPostprocessing = 0;
		};
/* End PBXFrameworksBuildPhase section */

/* Begin PBXGroup section */
		332C285424EBA5570083A5DC /* AddNetTask */ = {
			isa = PBXGroup;
			children = (
				332C285524EBA5720083A5DC /* AddNetTaskVC.h */,
				332C285624EBA5720083A5DC /* AddNetTaskVC.m */,
				331ACC0824F0B5080027857B /* AddNetTaskVC.xib */,
			);
			path = AddNetTask;
			sourceTree = "<group>";
		};
		332D012926FD845F00E3F387 /* GestureLock */ = {
			isa = PBXGroup;
			children = (
				332D012C26FD845F00E3F387 /* resources */,
				332D013E26FD845F00E3F387 /* TKGestureLockManager.h */,
				332D012A26FD845F00E3F387 /* TKGestureLockManager.m */,
				332D013D26FD845F00E3F387 /* TKGestureLockView.h */,
				332D012B26FD845F00E3F387 /* TKGestureLockView.m */,
				332D014026FD845F00E3F387 /* TKGestureLockWindow.h */,
				332D013A26FD845F00E3F387 /* TKGestureLockWindow.m */,
				332D013B26FD845F00E3F387 /* TKGestureLockBackView.h */,
				332D013F26FD845F00E3F387 /* TKGestureLockBackView.m */,
			);
			path = GestureLock;
			sourceTree = "<group>";
		};
		332D012C26FD845F00E3F387 /* resources */ = {
			isa = PBXGroup;
			children = (
				332D012D26FD845F00E3F387 /* gesture_headIcon@2x.png */,
				332D012E26FD845F00E3F387 /* gesture_normal@1.5x.png */,
				332D012F26FD845F00E3F387 /* gesture_indicator_normal@2x.png */,
				332D013026FD845F00E3F387 /* gesture_selected@1.5x.png */,
				332D013126FD845F00E3F387 /* gesture_selected@3x.png */,
				332D013226FD845F00E3F387 /* gesture_normal@3x.png */,
				332D013326FD845F00E3F387 /* gesture_indicator_selected@2x.png */,
				332D013426FD845F00E3F387 /* gesture_normal@2x.png */,
				332D013526FD845F00E3F387 /* gesture_selected@2x.png */,
				332D013626FD845F00E3F387 /* gesture_normal.png */,
				332D013726FD845F00E3F387 /* gesture_normal@0.5x.png */,
				332D013826FD845F00E3F387 /* gesture_selected.png */,
				332D013926FD845F00E3F387 /* gesture_selected@0.5x.png */,
			);
			path = resources;
			sourceTree = "<group>";
		};
		333ECEF725F71DFB00762219 /* ThirdParty */ = {
			isa = PBXGroup;
			children = (
				332D012926FD845F00E3F387 /* GestureLock */,
				9DE95C93244C3FDC00E31735 /* OCGumbo */,
			);
			path = ThirdParty;
			sourceTree = "<group>";
		};
		33967B5326EE001500B308B1 /* home */ = {
			isa = PBXGroup;
			children = (
				33967B5026EDF44600B308B1 /* HomeViewController.h */,
				33967B5126EDF44600B308B1 /* HomeViewController.m */,
			);
			path = home;
			sourceTree = "<group>";
		};
		33AB92B124C3F58900E97E42 /* Setting */ = {
			isa = PBXGroup;
			children = (
				33AB92B224C3F5AA00E97E42 /* SettingViewController.h */,
				33AB92B324C3F5AA00E97E42 /* SettingViewController.m */,
				9D4B0E34262307CE0062AD82 /* SettingPathViewController.h */,
				9D4B0E35262307CE0062AD82 /* SettingPathViewController.m */,
			);
			path = Setting;
			sourceTree = "<group>";
		};
		33B43FB9255448E700C33FD0 /* View */ = {
			isa = PBXGroup;
			children = (
				337DA9A925982D7700A679BB /* ViewerContentView.h */,
				337DA9AA25982D7700A679BB /* ViewerContentView.m */,
				337DA9AD25982D9400A679BB /* ViewerContentCell.h */,
				337DA9AE25982D9400A679BB /* ViewerContentCell.m */,
			);
			path = View;
			sourceTree = "<group>";
		};
		33B43FBF2554493F00C33FD0 /* Model */ = {
			isa = PBXGroup;
			children = (
				33B43FC02554495100C33FD0 /* ViewerFileModel.h */,
				33B43FC12554495100C33FD0 /* ViewerFileModel.m */,
			);
			path = Model;
			sourceTree = "<group>";
		};
		33B9EEC024DCA9EB00ABE3E2 /* TransView */ = {
			isa = PBXGroup;
			children = (
				33F0CD4624ED6BF30051D74E /* View */,
				332C285424EBA5570083A5DC /* AddNetTask */,
			);
			path = TransView;
			sourceTree = "<group>";
		};
		33F0CD4624ED6BF30051D74E /* View */ = {
			isa = PBXGroup;
			children = (
				33F0CD4724ED6C120051D74E /* TransViewCell.h */,
				33F0CD4824ED6C120051D74E /* TransViewCell.m */,
			);
			path = View;
			sourceTree = "<group>";
		};
		8EAEFB2266B35620CEA3AC34 /* Pods */ = {
			isa = PBXGroup;
			children = (
				D90F68A13B5C2B86263A6017 /* Pods-PicData.debug.xcconfig */,
				5702B2BB621B784D30524735 /* Pods-PicData.release.xcconfig */,
			);
			path = Pods;
			sourceTree = "<group>";
		};
		9D0E52CA24C2B35300FA8D88 /* ClassifyPage */ = {
			isa = PBXGroup;
			children = (
				9D96DCA025A379230045D123 /* View */,
			);
			path = ClassifyPage;
			sourceTree = "<group>";
		};
		9D3593E2244D5FA4005ADF05 /* Detail */ = {
			isa = PBXGroup;
			children = (
				9D3593E9244D6C82005ADF05 /* View */,
				9D3593E3244D5FC7005ADF05 /* DetailViewController.h */,
				9D3593E4244D5FC7005ADF05 /* DetailViewController.m */,
				9D3593E6244D66C7005ADF05 /* DetailViewModel.h */,
				9D3593E7244D66C7005ADF05 /* DetailViewModel.m */,
			);
			path = Detail;
			sourceTree = "<group>";
		};
		9D3593E9244D6C82005ADF05 /* View */ = {
			isa = PBXGroup;
			children = (
				9D3593ED244D6D32005ADF05 /* DetailViewContentCell.h */,
				9D3593EE244D6D32005ADF05 /* DetailViewContentCell.m */,
			);
			path = View;
			sourceTree = "<group>";
		};
		9D96DCA025A379230045D123 /* View */ = {
			isa = PBXGroup;
			children = (
				9D96DCA125A379540045D123 /* PicClassifyTableView.h */,
				9D96DCA225A379540045D123 /* PicClassifyTableView.m */,
				9D96DCC425A37CBB0045D123 /* PicClassifyTagsFrame.h */,
				9D96DCC225A37CBB0045D123 /* PicClassifyTagsFrame.m */,
				9D96DCC325A37CBB0045D123 /* PicClassifyTagsViewCell.h */,
				9D96DCC125A37CBA0045D123 /* PicClassifyTagsViewCell.m */,
			);
			path = View;
			sourceTree = "<group>";
		};
		9DC94C9A2552ECBB008ACAF8 /* Base */ = {
			isa = PBXGroup;
			children = (
				9DC94C962552ECB8008ACAF8 /* BaseViewController.h */,
				9DC94C972552ECB8008ACAF8 /* BaseViewController.m */,
				9DC94C9C2552ECE5008ACAF8 /* BaseNavigationController.h */,
				9DC94C9D2552ECE5008ACAF8 /* BaseNavigationController.m */,
				9DC94CA12552ECFE008ACAF8 /* BaseTabBarController.h */,
				9DC94CA22552ECFE008ACAF8 /* BaseTabBarController.m */,
				33B43FC5255455B600C33FD0 /* UINavigationController+push.h */,
				33B43FC6255455B600C33FD0 /* UINavigationController+push.m */,
			);
			path = Base;
			sourceTree = "<group>";
		};
		9DC94CA82552F7C2008ACAF8 /* Viewer */ = {
			isa = PBXGroup;
			children = (
				33B43FBF2554493F00C33FD0 /* Model */,
				33B43FB9255448E700C33FD0 /* View */,
				9DC94CA92552F7E0008ACAF8 /* LocalFileListVC.h */,
				9DC94CAA2552F7E0008ACAF8 /* LocalFileListVC.m */,
				33178B92256A184700CB47F2 /* ViewerViewController.h */,
				33178B93256A184700CB47F2 /* ViewerViewController.m */,
				332CB1662760F9E6002B97BD /* PicBrowserToolViewHandler.h */,
				332CB1652760F9E5002B97BD /* PicBrowserToolViewHandler.m */,
			);
			path = Viewer;
			sourceTree = "<group>";
		};
		9DE95C66244C3E0F00E31735 = {
			isa = PBXGroup;
			children = (
				9DE95C71244C3E0F00E31735 /* PicData */,
				9DE95C70244C3E0F00E31735 /* Products */,
				8EAEFB2266B35620CEA3AC34 /* Pods */,
				E272491668D574E526B80971 /* Frameworks */,
			);
			sourceTree = "<group>";
		};
		9DE95C70244C3E0F00E31735 /* Products */ = {
			isa = PBXGroup;
			children = (
				9DE95C6F244C3E0F00E31735 /* PicData.app */,
			);
			name = Products;
			sourceTree = "<group>";
		};
		9DE95C71244C3E0F00E31735 /* PicData */ = {
			isa = PBXGroup;
			children = (
				9DC94C9A2552ECBB008ACAF8 /* Base */,
				9DE95CF6244CA23000E31735 /* Manager */,
				333ECEF725F71DFB00762219 /* ThirdParty */,
				9DE95CB8244C3FDC00E31735 /* Categories */,
				9DE95C8E244C3F5500E31735 /* Index */,
				33AB92B124C3F58900E97E42 /* Setting */,
				9DC94CA82552F7C2008ACAF8 /* Viewer */,
				9DE95CD4244C415F00E31735 /* Models */,
				9DE95C8B244C3E4900E31735 /* PicData.entitlements */,
				9DE95C72244C3E0F00E31735 /* AppDelegate.h */,
				9DE95C73244C3E0F00E31735 /* AppDelegate.m */,
				9DE95C8D244C3F3700E31735 /* Others */,
			);
			path = PicData;
			sourceTree = "<group>";
		};
		9DE95C8D244C3F3700E31735 /* Others */ = {
			isa = PBXGroup;
			children = (
				335338852723254C00D18EDE /* PicData_macPlugin_debug.bundle */,
				335338842723254C00D18EDE /* PicData_macPlugin_release.bundle */,
				9DE95C7E244C3E1100E31735 /* Assets.xcassets */,
				9DE95C80244C3E1100E31735 /* LaunchScreen.storyboard */,
				9DE95C83244C3E1100E31735 /* Info.plist */,
				9DE95C84244C3E1100E31735 /* main.m */,
				9DE95C92244C3F7F00E31735 /* Config.h */,
				9DE95C8C244C3ED400E31735 /* PrefixHeader.pch */,
			);
			path = Others;
			sourceTree = "<group>";
		};
		9DE95C8E244C3F5500E31735 /* Index */ = {
			isa = PBXGroup;
			children = (
				33967B5326EE001500B308B1 /* home */,
				33B9EEC024DCA9EB00ABE3E2 /* TransView */,
				9D0E52CA24C2B35300FA8D88 /* ClassifyPage */,
				9DE95CDD244C465C00E31735 /* ContentList */,
				335719B324DD358C00303E83 /* FloatingWindowView.h */,
				335719B224DD358B00303E83 /* FloatingWindowView.m */,
			);
			path = Index;
			sourceTree = "<group>";
		};
		9DE95C93244C3FDC00E31735 /* OCGumbo */ = {
			isa = PBXGroup;
			children = (
				9DE95CB5244C3FDC00E31735 /* OCGumbo.h */,
				9DE95CB7244C3FDC00E31735 /* OCGumbo.m */,
				9DE95CB4244C3FDC00E31735 /* OCGumbo+Query.h */,
				9DE95CB6244C3FDC00E31735 /* OCGumbo+Query.m */,
				9D607E032622A9D000FE95B5 /* OCGumboElement+query.h */,
				9D607E022622A9CF00FE95B5 /* OCGumboElement+query.m */,
				9DE95C94244C3FDC00E31735 /* gumbo */,
			);
			path = OCGumbo;
			sourceTree = "<group>";
		};
		9DE95C94244C3FDC00E31735 /* gumbo */ = {
			isa = PBXGroup;
			children = (
				9DE95C95244C3FDC00E31735 /* string_buffer.c */,
				9DE95C96244C3FDC00E31735 /* error.h */,
				9DE95C97244C3FDC00E31735 /* tag_enum.h */,
				9DE95C98244C3FDC00E31735 /* util.c */,
				9DE95C99244C3FDC00E31735 /* char_ref.rl */,
				9DE95C9A244C3FDC00E31735 /* insertion_mode.h */,
				9DE95C9B244C3FDC00E31735 /* parser.h */,
				9DE95C9C244C3FDC00E31735 /* vector.c */,
				9DE95C9D244C3FDC00E31735 /* attribute.c */,
				9DE95C9E244C3FDC00E31735 /* char_ref.c */,
				9DE95C9F244C3FDC00E31735 /* tokenizer.h */,
				9DE95CA0244C3FDC00E31735 /* utf8.c */,
				9DE95CA1244C3FDC00E31735 /* string_piece.h */,
				9DE95CA2244C3FDC00E31735 /* tokenizer_states.h */,
				9DE95CA3244C3FDC00E31735 /* token_type.h */,
				9DE95CA4244C3FDC00E31735 /* tag_gperf.h */,
				9DE95CA5244C3FDC00E31735 /* string_buffer.h */,
				9DE95CA6244C3FDC00E31735 /* error.c */,
				9DE95CA7244C3FDC00E31735 /* tag.in */,
				9DE95CA8244C3FDC00E31735 /* util.h */,
				9DE95CA9244C3FDC00E31735 /* tag.c */,
				9DE95CAA244C3FDC00E31735 /* char_ref.h */,
				9DE95CAB244C3FDC00E31735 /* vector.h */,
				9DE95CAC244C3FDC00E31735 /* attribute.h */,
				9DE95CAD244C3FDC00E31735 /* parser.c */,
				9DE95CAE244C3FDC00E31735 /* tag_sizes.h */,
				9DE95CAF244C3FDC00E31735 /* tag_strings.h */,
				9DE95CB0244C3FDC00E31735 /* utf8.h */,
				9DE95CB1244C3FDC00E31735 /* tokenizer.c */,
				9DE95CB2244C3FDC00E31735 /* string_piece.c */,
				9DE95CB3244C3FDC00E31735 /* gumbo.h */,
			);
			path = gumbo;
			sourceTree = "<group>";
		};
		9DE95CB8244C3FDC00E31735 /* Categories */ = {
			isa = PBXGroup;
			children = (
				9DE95CFB244CA26F00E31735 /* Singleton.h */,
				33B43FB62554436C00C33FD0 /* Foundation+Log.m */,
				3326ACE62553EF700035A473 /* AmIBeingDebugged.h */,
				33F1460A25932BC50042CF31 /* NSObject+ChangeUnicode.h */,
				33F1460B25932BC50042CF31 /* NSObject+ChangeUnicode.m */,
				9DE95CBE244C3FDC00E31735 /* MBProgressHUD+LZPShow.h */,
				9DE95CBA244C3FDC00E31735 /* MBProgressHUD+LZPShow.m */,
				9DE95CEC244C5FBC00E31735 /* UILabel+text.h */,
				9DE95CED244C5FBC00E31735 /* UILabel+text.m */,
				9D9956C025F4B1BB00370811 /* NSString+string.h */,
				9D9956C125F4B1BB00370811 /* NSString+string.m */,
			);
			path = Categories;
			sourceTree = "<group>";
		};
		9DE95CD4244C415F00E31735 /* Models */ = {
			isa = PBXGroup;
			children = (
				3349D25F27299D76006109F6 /* PicBaseModel+WCTTableCoding.h */,
				3323205724ECB4A300FE5E33 /* PicBaseModel.h */,
				3323205824ECB4A300FE5E33 /* PicBaseModel.mm */,
				9DE95CDA244C43A400E31735 /* PicClassModel.h */,
				9DE95CDB244C43A400E31735 /* PicClassModel.m */,
				9DE95CD5244C417900E31735 /* PicSourceModel.h */,
				3349D2652729A404006109F6 /* PicSourceModel+WCTTableCoding.h */,
				9DE95CD6244C417900E31735 /* PicSourceModel.mm */,
				9DE95CE6244C4E5700E31735 /* PicContentModel.h */,
				3349D2662729A60F006109F6 /* PicContentModel+WCTTableCoding.h */,
				9DE95CE7244C4E5700E31735 /* PicContentModel.mm */,
				3323206324ECE3D100FE5E33 /* PicRuleModel.h */,
				3323206124ECE3D000FE5E33 /* PicRuleModel.m */,
				3323206224ECE3D000FE5E33 /* PicRuleStepModel.h */,
				3323206424ECE3D100FE5E33 /* PicRuleStepModel.m */,
				9DE95CD8244C418700E31735 /* PicSource.json */,
			);
			path = Models;
			sourceTree = "<group>";
		};
		9DE95CDD244C465C00E31735 /* ContentList */ = {
			isa = PBXGroup;
			children = (
				9D3593E2244D5FA4005ADF05 /* Detail */,
				9DE95CE1244C49A600E31735 /* View */,
				9DE95CDE244C468500E31735 /* ContentViewController.h */,
				9DE95CDF244C468500E31735 /* ContentViewController.m */,
			);
			path = ContentList;
			sourceTree = "<group>";
		};
		9DE95CE1244C49A600E31735 /* View */ = {
			isa = PBXGroup;
			children = (
				9D0A4A4025FE54F700E505AC /* PicContentViewFlowLayout.h */,
				9D0A4A4125FE54F700E505AC /* PicContentViewFlowLayout.m */,
				336A9D99250DF17C00BF277C /* PicContentView.h */,
				336A9D9A250DF17C00BF277C /* PicContentView.m */,
				9DE95CE2244C49C900E31735 /* PicContentCell.h */,
				9DE95CE3244C49C900E31735 /* PicContentCell.m */,
			);
			path = View;
			sourceTree = "<group>";
		};
		9DE95CF6244CA23000E31735 /* Manager */ = {
			isa = PBXGroup;
			children = (
				9DE95CF8244CA25900E31735 /* PDDownloadManager.h */,
				9DE95CF9244CA25900E31735 /* PDDownloadManager.m */,
				335124E024D6E2C9004489CA /* PDRequest.h */,
				335124E124D6E2C9004489CA /* PDRequest.m */,
				9D3593DF244D3D38005ADF05 /* ContentParserManager.h */,
				9D3593E0244D3D38005ADF05 /* ContentParserManager.m */,
				9D96DC9C25A376080045D123 /* AppTool.h */,
				9D96DC9D25A376080045D123 /* AppTool.m */,
				3349D2612729A145006109F6 /* DatabaseManager.h */,
				3349D2642729A163006109F6 /* DatabaseManager+WCTTableCoding.h */,
				3349D2622729A145006109F6 /* DatabaseManager.mm */,
			);
			path = Manager;
			sourceTree = "<group>";
		};
		E272491668D574E526B80971 /* Frameworks */ = {
			isa = PBXGroup;
			children = (
				33E88E2128067BF30095AB73 /* PicDataSDK.xcframework */,
				AE3AF7DEFDCABCA98704D38C /* Pods_PicData.framework */,
			);
			name = Frameworks;
			sourceTree = "<group>";
		};
/* End PBXGroup section */

/* Begin PBXNativeTarget section */
		9DE95C6E244C3E0F00E31735 /* PicData */ = {
			isa = PBXNativeTarget;
			buildConfigurationList = 9DE95C88244C3E1100E31735 /* Build configuration list for PBXNativeTarget "PicData" */;
			buildPhases = (
				B2F266D8A1C5331D291E3DFA /* [CP] Check Pods Manifest.lock */,
				9DE95C6B244C3E0F00E31735 /* Sources */,
				9DE95C6C244C3E0F00E31735 /* Frameworks */,
				9DE95C6D244C3E0F00E31735 /* Resources */,
				C3C21B8A87AB1B8B82AA95D9 /* [CP] Embed Pods Frameworks */,
				330F778B25DD26A100CD38FD /* Bugly */,
				335338992723277D00D18EDE /* Embed PlugIns */,
			);
			buildRules = (
			);
			dependencies = (
			);
			name = PicData;
			productName = PicData;
			productReference = 9DE95C6F244C3E0F00E31735 /* PicData.app */;
			productType = "com.apple.product-type.application";
		};
/* End PBXNativeTarget section */

/* Begin PBXProject section */
		9DE95C67244C3E0F00E31735 /* Project object */ = {
			isa = PBXProject;
			attributes = {
				LastUpgradeCheck = 1220;
				ORGANIZATIONNAME = garenge;
				TargetAttributes = {
					9DE95C6E244C3E0F00E31735 = {
						CreatedOnToolsVersion = 11.4.1;
						LastSwiftMigration = 1210;
					};
				};
			};
			buildConfigurationList = 9DE95C6A244C3E0F00E31735 /* Build configuration list for PBXProject "PicData" */;
			compatibilityVersion = "Xcode 9.3";
			developmentRegion = en;
			hasScannedForEncodings = 0;
			knownRegions = (
				en,
				Base,
			);
			mainGroup = 9DE95C66244C3E0F00E31735;
			productRefGroup = 9DE95C70244C3E0F00E31735 /* Products */;
			projectDirPath = "";
			projectRoot = "";
			targets = (
				9DE95C6E244C3E0F00E31735 /* PicData */,
			);
		};
/* End PBXProject section */

/* Begin PBXResourcesBuildPhase section */
		9DE95C6D244C3E0F00E31735 /* Resources */ = {
			isa = PBXResourcesBuildPhase;
			buildActionMask = 2147483647;
			files = (
				9DE95CC3244C3FDD00E31735 /* char_ref.rl in Resources */,
				332D014D26FD845F00E3F387 /* gesture_normal@0.5x.png in Resources */,
				332D014626FD845F00E3F387 /* gesture_selected@1.5x.png in Resources */,
				332D014726FD845F00E3F387 /* gesture_selected@3x.png in Resources */,
				9DE95C82244C3E1100E31735 /* LaunchScreen.storyboard in Resources */,
				332D014326FD845F00E3F387 /* gesture_headIcon@2x.png in Resources */,
				332D014A26FD845F00E3F387 /* gesture_normal@2x.png in Resources */,
				9DE95CD9244C418700E31735 /* PicSource.json in Resources */,
				332D014826FD845F00E3F387 /* gesture_normal@3x.png in Resources */,
				9DE95C7F244C3E1100E31735 /* Assets.xcassets in Resources */,
				332D014F26FD845F00E3F387 /* gesture_selected@0.5x.png in Resources */,
				332D014426FD845F00E3F387 /* gesture_normal@1.5x.png in Resources */,
				332D014526FD845F00E3F387 /* gesture_indicator_normal@2x.png in Resources */,
				332D014926FD845F00E3F387 /* gesture_indicator_selected@2x.png in Resources */,
				335338862723254C00D18EDE /* PicData_macPlugin_release.bundle in Resources */,
				332D014C26FD845F00E3F387 /* gesture_normal.png in Resources */,
				9DE95CC9244C3FDD00E31735 /* tag.in in Resources */,
				331ACC0924F0B5080027857B /* AddNetTaskVC.xib in Resources */,
				332D014E26FD845F00E3F387 /* gesture_selected.png in Resources */,
				332D014B26FD845F00E3F387 /* gesture_selected@2x.png in Resources */,
				335338872723254C00D18EDE /* PicData_macPlugin_debug.bundle in Resources */,
			);
			runOnlyForDeploymentPostprocessing = 0;
		};
/* End PBXResourcesBuildPhase section */

/* Begin PBXShellScriptBuildPhase section */
		330F778B25DD26A100CD38FD /* Bugly */ = {
			isa = PBXShellScriptBuildPhase;
			buildActionMask = 2147483647;
			files = (
			);
			inputFileListPaths = (
			);
			inputPaths = (
			);
			name = Bugly;
			outputFileListPaths = (
			);
			outputPaths = (
			);
			runOnlyForDeploymentPostprocessing = 0;
			shellPath = /bin/sh;
			shellScript = "if [ \"${CONFIGURATION}\" = \"Release\" ]; then\n    ${SRCROOT}/BuglydSYMUploader/dSYMUpload.sh\nfi\n";
		};
		B2F266D8A1C5331D291E3DFA /* [CP] Check Pods Manifest.lock */ = {
			isa = PBXShellScriptBuildPhase;
			buildActionMask = 2147483647;
			files = (
			);
			inputFileListPaths = (
			);
			inputPaths = (
				"${PODS_PODFILE_DIR_PATH}/Podfile.lock",
				"${PODS_ROOT}/Manifest.lock",
			);
			name = "[CP] Check Pods Manifest.lock";
			outputFileListPaths = (
			);
			outputPaths = (
				"$(DERIVED_FILE_DIR)/Pods-PicData-checkManifestLockResult.txt",
			);
			runOnlyForDeploymentPostprocessing = 0;
			shellPath = /bin/sh;
			shellScript = "diff \"${PODS_PODFILE_DIR_PATH}/Podfile.lock\" \"${PODS_ROOT}/Manifest.lock\" > /dev/null\nif [ $? != 0 ] ; then\n    # print error to STDERR\n    echo \"error: The sandbox is not in sync with the Podfile.lock. Run 'pod install' or update your CocoaPods installation.\" >&2\n    exit 1\nfi\n# This output is used by Xcode 'outputs' to avoid re-running this script phase.\necho \"SUCCESS\" > \"${SCRIPT_OUTPUT_FILE_0}\"\n";
			showEnvVarsInLog = 0;
		};
		C3C21B8A87AB1B8B82AA95D9 /* [CP] Embed Pods Frameworks */ = {
			isa = PBXShellScriptBuildPhase;
			buildActionMask = 2147483647;
			files = (
			);
			inputFileListPaths = (
				"${PODS_ROOT}/Target Support Files/Pods-PicData/Pods-PicData-frameworks-${CONFIGURATION}-input-files.xcfilelist",
			);
			name = "[CP] Embed Pods Frameworks";
			outputFileListPaths = (
				"${PODS_ROOT}/Target Support Files/Pods-PicData/Pods-PicData-frameworks-${CONFIGURATION}-output-files.xcfilelist",
			);
			runOnlyForDeploymentPostprocessing = 0;
			shellPath = /bin/sh;
			shellScript = "\"${PODS_ROOT}/Target Support Files/Pods-PicData/Pods-PicData-frameworks.sh\"\n";
			showEnvVarsInLog = 0;
		};
/* End PBXShellScriptBuildPhase section */

/* Begin PBXSourcesBuildPhase section */
		9DE95C6B244C3E0F00E31735 /* Sources */ = {
			isa = PBXSourcesBuildPhase;
			buildActionMask = 2147483647;
			files = (
				9D96DCC525A37CBB0045D123 /* PicClassifyTagsViewCell.m in Sources */,
				33F0CD4924ED6C120051D74E /* TransViewCell.m in Sources */,
				9DC94CA32552ECFE008ACAF8 /* BaseTabBarController.m in Sources */,
				9DC94CAB2552F7E0008ACAF8 /* LocalFileListVC.m in Sources */,
				9D0A4A4225FE54F700E505AC /* PicContentViewFlowLayout.m in Sources */,
				9DE95CD0244C3FDD00E31735 /* MBProgressHUD+LZPShow.m in Sources */,
				9DE95CCF244C3FDD00E31735 /* OCGumbo.m in Sources */,
				9DE95CE4244C49C900E31735 /* PicContentCell.m in Sources */,
				332C285724EBA5720083A5DC /* AddNetTaskVC.m in Sources */,
				9DE95CCA244C3FDD00E31735 /* tag.c in Sources */,
				332D014126FD845F00E3F387 /* TKGestureLockManager.m in Sources */,
				9DE95CCD244C3FDD00E31735 /* string_piece.c in Sources */,
				336A9D9B250DF17C00BF277C /* PicContentView.m in Sources */,
				9DC94C982552ECB8008ACAF8 /* BaseViewController.m in Sources */,
				9DE95CFA244CA25900E31735 /* PDDownloadManager.m in Sources */,
				9DE95CC2244C3FDD00E31735 /* util.c in Sources */,
				9DE95CEE244C5FBC00E31735 /* UILabel+text.m in Sources */,
				9D96DCC625A37CBB0045D123 /* PicClassifyTagsFrame.m in Sources */,
				332D014226FD845F00E3F387 /* TKGestureLockView.m in Sources */,
				3323206624ECE3D100FE5E33 /* PicRuleStepModel.m in Sources */,
				33F1460C25932BC50042CF31 /* NSObject+ChangeUnicode.m in Sources */,
				9DE95CE8244C4E5700E31735 /* PicContentModel.mm in Sources */,
				335124E224D6E2C9004489CA /* PDRequest.m in Sources */,
				33967B5226EDF44600B308B1 /* HomeViewController.m in Sources */,
				9D3593E5244D5FC7005ADF05 /* DetailViewController.m in Sources */,
				9DC94C9E2552ECE5008ACAF8 /* BaseNavigationController.m in Sources */,
				33B43FB72554436C00C33FD0 /* Foundation+Log.m in Sources */,
				9D96DCA325A379540045D123 /* PicClassifyTableView.m in Sources */,
				33178B94256A184700CB47F2 /* ViewerViewController.m in Sources */,
				9D9956C225F4B1BB00370811 /* NSString+string.m in Sources */,
				9D3593E8244D66C7005ADF05 /* DetailViewModel.m in Sources */,
				33B43FC7255455B600C33FD0 /* UINavigationController+push.m in Sources */,
				9D4B0E36262307CE0062AD82 /* SettingPathViewController.m in Sources */,
				9D3593EF244D6D32005ADF05 /* DetailViewContentCell.m in Sources */,
				33AB92B424C3F5AA00E97E42 /* SettingViewController.m in Sources */,
				9DE95CC1244C3FDD00E31735 /* string_buffer.c in Sources */,
				9DE95CC4244C3FDD00E31735 /* vector.c in Sources */,
				9DE95C74244C3E0F00E31735 /* AppDelegate.m in Sources */,
				332D015226FD845F00E3F387 /* TKGestureLockBackView.m in Sources */,
				9DE95CC8244C3FDD00E31735 /* error.c in Sources */,
				33B43FC22554495100C33FD0 /* ViewerFileModel.m in Sources */,
				9DE95CC5244C3FDD00E31735 /* attribute.c in Sources */,
				337DA9AF25982D9400A679BB /* ViewerContentCell.m in Sources */,
				9DE95CC6244C3FDD00E31735 /* char_ref.c in Sources */,
				337DA9AB25982D7700A679BB /* ViewerContentView.m in Sources */,
				3323206524ECE3D100FE5E33 /* PicRuleModel.m in Sources */,
				335719B424DD358C00303E83 /* FloatingWindowView.m in Sources */,
				9DE95CC7244C3FDD00E31735 /* utf8.c in Sources */,
				9DE95CCC244C3FDD00E31735 /* tokenizer.c in Sources */,
				9DE95CD7244C417900E31735 /* PicSourceModel.mm in Sources */,
				9DE95C85244C3E1100E31735 /* main.m in Sources */,
				9D96DC9E25A376080045D123 /* AppTool.m in Sources */,
				9DE95CCB244C3FDD00E31735 /* parser.c in Sources */,
				332CB1672760F9E6002B97BD /* PicBrowserToolViewHandler.m in Sources */,
				3323205924ECB4A300FE5E33 /* PicBaseModel.mm in Sources */,
				9DE95CE0244C468500E31735 /* ContentViewController.m in Sources */,
				9D3593E1244D3D38005ADF05 /* ContentParserManager.m in Sources */,
				9D607E042622A9D000FE95B5 /* OCGumboElement+query.m in Sources */,
				9DE95CCE244C3FDD00E31735 /* OCGumbo+Query.m in Sources */,
				332D015026FD845F00E3F387 /* TKGestureLockWindow.m in Sources */,
				3349D2632729A145006109F6 /* DatabaseManager.mm in Sources */,
				9DE95CDC244C43A400E31735 /* PicClassModel.m in Sources */,
			);
			runOnlyForDeploymentPostprocessing = 0;
		};
/* End PBXSourcesBuildPhase section */

/* Begin PBXVariantGroup section */
		9DE95C80244C3E1100E31735 /* LaunchScreen.storyboard */ = {
			isa = PBXVariantGroup;
			children = (
				9DE95C81244C3E1100E31735 /* Base */,
			);
			name = LaunchScreen.storyboard;
			sourceTree = "<group>";
		};
/* End PBXVariantGroup section */

/* Begin XCBuildConfiguration section */
		9DE95C86244C3E1100E31735 /* Debug */ = {
			isa = XCBuildConfiguration;
			buildSettings = {
				ALWAYS_SEARCH_USER_PATHS = NO;
				CLANG_ANALYZER_NONNULL = YES;
				CLANG_ANALYZER_NUMBER_OBJECT_CONVERSION = YES_AGGRESSIVE;
				CLANG_CXX_LANGUAGE_STANDARD = "gnu++14";
				CLANG_CXX_LIBRARY = "libc++";
				CLANG_ENABLE_MODULES = YES;
				CLANG_ENABLE_OBJC_ARC = YES;
				CLANG_ENABLE_OBJC_WEAK = YES;
				CLANG_WARN_BLOCK_CAPTURE_AUTORELEASING = YES;
				CLANG_WARN_BOOL_CONVERSION = YES;
				CLANG_WARN_COMMA = YES;
				CLANG_WARN_CONSTANT_CONVERSION = YES;
				CLANG_WARN_DEPRECATED_OBJC_IMPLEMENTATIONS = YES;
				CLANG_WARN_DIRECT_OBJC_ISA_USAGE = YES_ERROR;
				CLANG_WARN_DOCUMENTATION_COMMENTS = YES;
				CLANG_WARN_EMPTY_BODY = YES;
				CLANG_WARN_ENUM_CONVERSION = YES;
				CLANG_WARN_INFINITE_RECURSION = YES;
				CLANG_WARN_INT_CONVERSION = YES;
				CLANG_WARN_NON_LITERAL_NULL_CONVERSION = YES;
				CLANG_WARN_OBJC_IMPLICIT_RETAIN_SELF = YES;
				CLANG_WARN_OBJC_LITERAL_CONVERSION = YES;
				CLANG_WARN_OBJC_ROOT_CLASS = YES_ERROR;
				CLANG_WARN_QUOTED_INCLUDE_IN_FRAMEWORK_HEADER = YES;
				CLANG_WARN_RANGE_LOOP_ANALYSIS = YES;
				CLANG_WARN_STRICT_PROTOTYPES = YES;
				CLANG_WARN_SUSPICIOUS_MOVE = YES;
				CLANG_WARN_UNGUARDED_AVAILABILITY = YES_AGGRESSIVE;
				CLANG_WARN_UNREACHABLE_CODE = YES;
				CLANG_WARN__DUPLICATE_METHOD_MATCH = YES;
				COPY_PHASE_STRIP = NO;
				DEBUG_INFORMATION_FORMAT = dwarf;
				ENABLE_STRICT_OBJC_MSGSEND = YES;
				ENABLE_TESTABILITY = YES;
				GCC_C_LANGUAGE_STANDARD = gnu11;
				GCC_DYNAMIC_NO_PIC = NO;
				GCC_NO_COMMON_BLOCKS = YES;
				GCC_OPTIMIZATION_LEVEL = 0;
				GCC_PREPROCESSOR_DEFINITIONS = (
					"DEBUG=1",
					"$(inherited)",
				);
				GCC_WARN_64_TO_32_BIT_CONVERSION = YES;
				GCC_WARN_ABOUT_RETURN_TYPE = YES_ERROR;
				GCC_WARN_UNDECLARED_SELECTOR = YES;
				GCC_WARN_UNINITIALIZED_AUTOS = YES_AGGRESSIVE;
				GCC_WARN_UNUSED_FUNCTION = YES;
				GCC_WARN_UNUSED_VARIABLE = YES;
				IPHONEOS_DEPLOYMENT_TARGET = 13.4;
				MTL_ENABLE_DEBUG_INFO = INCLUDE_SOURCE;
				MTL_FAST_MATH = YES;
				ONLY_ACTIVE_ARCH = YES;
				SDKROOT = iphoneos;
			};
			name = Debug;
		};
		9DE95C87244C3E1100E31735 /* Release */ = {
			isa = XCBuildConfiguration;
			buildSettings = {
				ALWAYS_SEARCH_USER_PATHS = NO;
				CLANG_ANALYZER_NONNULL = YES;
				CLANG_ANALYZER_NUMBER_OBJECT_CONVERSION = YES_AGGRESSIVE;
				CLANG_CXX_LANGUAGE_STANDARD = "gnu++14";
				CLANG_CXX_LIBRARY = "libc++";
				CLANG_ENABLE_MODULES = YES;
				CLANG_ENABLE_OBJC_ARC = YES;
				CLANG_ENABLE_OBJC_WEAK = YES;
				CLANG_WARN_BLOCK_CAPTURE_AUTORELEASING = YES;
				CLANG_WARN_BOOL_CONVERSION = YES;
				CLANG_WARN_COMMA = YES;
				CLANG_WARN_CONSTANT_CONVERSION = YES;
				CLANG_WARN_DEPRECATED_OBJC_IMPLEMENTATIONS = YES;
				CLANG_WARN_DIRECT_OBJC_ISA_USAGE = YES_ERROR;
				CLANG_WARN_DOCUMENTATION_COMMENTS = YES;
				CLANG_WARN_EMPTY_BODY = YES;
				CLANG_WARN_ENUM_CONVERSION = YES;
				CLANG_WARN_INFINITE_RECURSION = YES;
				CLANG_WARN_INT_CONVERSION = YES;
				CLANG_WARN_NON_LITERAL_NULL_CONVERSION = YES;
				CLANG_WARN_OBJC_IMPLICIT_RETAIN_SELF = YES;
				CLANG_WARN_OBJC_LITERAL_CONVERSION = YES;
				CLANG_WARN_OBJC_ROOT_CLASS = YES_ERROR;
				CLANG_WARN_QUOTED_INCLUDE_IN_FRAMEWORK_HEADER = YES;
				CLANG_WARN_RANGE_LOOP_ANALYSIS = YES;
				CLANG_WARN_STRICT_PROTOTYPES = YES;
				CLANG_WARN_SUSPICIOUS_MOVE = YES;
				CLANG_WARN_UNGUARDED_AVAILABILITY = YES_AGGRESSIVE;
				CLANG_WARN_UNREACHABLE_CODE = YES;
				CLANG_WARN__DUPLICATE_METHOD_MATCH = YES;
				COPY_PHASE_STRIP = NO;
				DEBUG_INFORMATION_FORMAT = "dwarf-with-dsym";
				ENABLE_NS_ASSERTIONS = NO;
				ENABLE_STRICT_OBJC_MSGSEND = YES;
				GCC_C_LANGUAGE_STANDARD = gnu11;
				GCC_NO_COMMON_BLOCKS = YES;
				GCC_WARN_64_TO_32_BIT_CONVERSION = YES;
				GCC_WARN_ABOUT_RETURN_TYPE = YES_ERROR;
				GCC_WARN_UNDECLARED_SELECTOR = YES;
				GCC_WARN_UNINITIALIZED_AUTOS = YES_AGGRESSIVE;
				GCC_WARN_UNUSED_FUNCTION = YES;
				GCC_WARN_UNUSED_VARIABLE = YES;
				IPHONEOS_DEPLOYMENT_TARGET = 13.4;
				MTL_ENABLE_DEBUG_INFO = NO;
				MTL_FAST_MATH = YES;
				SDKROOT = iphoneos;
				VALIDATE_PRODUCT = YES;
			};
			name = Release;
		};
		9DE95C89244C3E1100E31735 /* Debug */ = {
			isa = XCBuildConfiguration;
			baseConfigurationReference = D90F68A13B5C2B86263A6017 /* Pods-PicData.debug.xcconfig */;
			buildSettings = {
				ALWAYS_EMBED_SWIFT_STANDARD_LIBRARIES = YES;
				ASSETCATALOG_COMPILER_APPICON_NAME = AppIcon;
				CLANG_ENABLE_MODULES = YES;
				CODE_SIGN_ENTITLEMENTS = PicData/PicData.entitlements;
				CODE_SIGN_IDENTITY = "Apple Development";
				CODE_SIGN_STYLE = Automatic;
				CURRENT_PROJECT_VERSION = 3;
				DEBUG_INFORMATION_FORMAT = "dwarf-with-dsym";
				DEVELOPMENT_TEAM = E7W6597ZYH;
				EXCLUDED_ARCHS = "";
				GCC_PREFIX_HEADER = "$(SRCROOT)/$(PRODUCT_NAME)/Others/PrefixHeader.pch";
				INFOPLIST_FILE = "$(SRCROOT)/PicData/Others/Info.plist";
				IPHONEOS_DEPLOYMENT_TARGET = 13.0;
				"IPHONEOS_DEPLOYMENT_TARGET[sdk=macosx*]" = 14.2;
				LD_RUNPATH_SEARCH_PATHS = (
					"$(inherited)",
					"@executable_path/Frameworks",
				);
				MARKETING_VERSION = 0.2.2;
				PRODUCT_BUNDLE_IDENTIFIER = per.garenge.picdata;
				PRODUCT_NAME = "$(TARGET_NAME)";
				PROVISIONING_PROFILE_SPECIFIER = "";
				SUPPORTS_MACCATALYST = YES;
				SWIFT_OBJC_BRIDGING_HEADER = "PicData/Viewer/PicData-Bridging-Header.h";
				SWIFT_OPTIMIZATION_LEVEL = "-Onone";
				SWIFT_VERSION = 5.0;
				TARGETED_DEVICE_FAMILY = "1,2,6";
				WARNING_CFLAGS = "";
			};
			name = Debug;
		};
		9DE95C8A244C3E1100E31735 /* Release */ = {
			isa = XCBuildConfiguration;
			baseConfigurationReference = 5702B2BB621B784D30524735 /* Pods-PicData.release.xcconfig */;
			buildSettings = {
				ALWAYS_EMBED_SWIFT_STANDARD_LIBRARIES = YES;
				ASSETCATALOG_COMPILER_APPICON_NAME = AppIcon;
				CLANG_ENABLE_MODULES = YES;
				CODE_SIGN_ENTITLEMENTS = PicData/PicData.entitlements;
				CODE_SIGN_IDENTITY = "Apple Development";
				CODE_SIGN_STYLE = Automatic;
				CURRENT_PROJECT_VERSION = 3;
				DEBUG_INFORMATION_FORMAT = "dwarf-with-dsym";
				DEVELOPMENT_TEAM = E7W6597ZYH;
				EXCLUDED_ARCHS = "";
				GCC_PREFIX_HEADER = "$(SRCROOT)/$(PRODUCT_NAME)/Others/PrefixHeader.pch";
				INFOPLIST_FILE = "$(SRCROOT)/PicData/Others/Info.plist";
				IPHONEOS_DEPLOYMENT_TARGET = 13.0;
				"IPHONEOS_DEPLOYMENT_TARGET[sdk=macosx*]" = 14.2;
				LD_RUNPATH_SEARCH_PATHS = (
					"$(inherited)",
					"@executable_path/Frameworks",
				);
				MARKETING_VERSION = 0.2.2;
				PRODUCT_BUNDLE_IDENTIFIER = per.garenge.picdata;
				PRODUCT_NAME = "$(TARGET_NAME)";
				PROVISIONING_PROFILE_SPECIFIER = "";
				SUPPORTS_MACCATALYST = YES;
				SWIFT_OBJC_BRIDGING_HEADER = "PicData/Viewer/PicData-Bridging-Header.h";
				SWIFT_VERSION = 5.0;
				TARGETED_DEVICE_FAMILY = "1,2,6";
				WARNING_CFLAGS = "";
			};
			name = Release;
		};
/* End XCBuildConfiguration section */

/* Begin XCConfigurationList section */
		9DE95C6A244C3E0F00E31735 /* Build configuration list for PBXProject "PicData" */ = {
			isa = XCConfigurationList;
			buildConfigurations = (
				9DE95C86244C3E1100E31735 /* Debug */,
				9DE95C87244C3E1100E31735 /* Release */,
			);
			defaultConfigurationIsVisible = 0;
			defaultConfigurationName = Release;
		};
		9DE95C88244C3E1100E31735 /* Build configuration list for PBXNativeTarget "PicData" */ = {
			isa = XCConfigurationList;
			buildConfigurations = (
				9DE95C89244C3E1100E31735 /* Debug */,
				9DE95C8A244C3E1100E31735 /* Release */,
			);
			defaultConfigurationIsVisible = 0;
			defaultConfigurationName = Release;
		};
/* End XCConfigurationList section */
	};
	rootObject = 9DE95C67244C3E0F00E31735 /* Project object */;
}
